PODS:
  - Alamofire (3.2.0)
  - KeychainSwift (3.0.11)
  - ObjectMapper (1.1.5)
  - Realm (0.98.3):
    - Realm/Headers (= 0.98.3)
  - Realm/Headers (0.98.3)
  - RealmSwift (0.98.3):
    - Realm (= 0.98.3)
  - SwiftyJSON (2.3.2)

DEPENDENCIES:
  - Alamofire
  - KeychainSwift (~> 3.0)
  - ObjectMapper (~> 1.1)
  - RealmSwift
  - SwiftyJSON

SPEC CHECKSUMS:
  Alamofire: 4da478599fccddff361205c8929333d7fe18dceb
  KeychainSwift: 0a4214c910423543a42b0f30f25987d46178b6a5
  ObjectMapper: 528b1a6677a6acac7747edd508576983e76a9148
  Realm: c6a7d00221a2d5177810a674aebd40c5e0b70b0f
  RealmSwift: d6ecad6e4c2a645d6ac956c2c7e9efb375f39c31
  SwiftyJSON: 04ccea08915aa0109039157c7974cf0298da292a

COCOAPODS: 0.39.0
