PODS:
  - Alamofire (3.2.1)
  - KeychainSwift (3.0.11)
  - ObjectMapper (1.1.5)
  - OHHTTPStubs (4.8.0):
    - OHHTTPStubs/Default (= 4.8.0)
  - OHHTTPStubs/Core (4.8.0)
  - OHHTTPStubs/Default (4.8.0):
    - OHHTTPStubs/Core
    - OHHTTPStubs/JSON
    - OHHTTPStubs/NSURLSession
    - OHHTTPStubs/OHPathHelpers
  - OHHTTPStubs/JSON (4.8.0):
    - OHHTTPStubs/Core
  - OHHTTPStubs/NSURLSession (4.8.0):
    - OHHTTPStubs/Core
  - OHHTTPStubs/OHPathHelpers (4.8.0)
  - OHHTTPStubs/Swift (4.8.0):
    - OHHTTPStubs/Core
  - Realm (0.98.5):
    - Realm/Headers (= 0.98.5)
  - Realm/Headers (0.98.5)
  - RealmSwift (0.98.5):
    - Realm (= 0.98.5)
  - SwiftyJSON (2.3.2)

DEPENDENCIES:
  - Alamofire
  - KeychainSwift (~> 3.0)
  - ObjectMapper (~> 1.1)
  - OHHTTPStubs
  - OHHTTPStubs/Swift
  - RealmSwift
  - SwiftyJSON

SPEC CHECKSUMS:
  Alamofire: f11d8624a05f5d39e0c99309b3e600a3ba64298a
  KeychainSwift: 0a4214c910423543a42b0f30f25987d46178b6a5
  ObjectMapper: 528b1a6677a6acac7747edd508576983e76a9148
  OHHTTPStubs: b393565822317305b87a1440d4c7aff131679f66
  Realm: db08379969e45cea2edd1c3c0a090fe9e22d2d2f
  RealmSwift: cb11ad1c35e15dc982f2dbf5afe2a3124193a358
  SwiftyJSON: 04ccea08915aa0109039157c7974cf0298da292a

COCOAPODS: 0.39.0
