PODS:
  - Alamofire (4.8.1)
  - AlamofireImage (3.5.0):
    - Alamofire (~> 4.8)
  - KeychainSwift (11.0.0)
  - MojioCore (3.0.0):
    - Alamofire
    - KeychainSwift
    - OHHTTPStubs
    - OHHTTPStubs/Swift
    - SwiftDate
    - SwiftWebSocket
    - SwiftyJSON
  - OHHTTPStubs (6.1.0):
    - OHHTTPStubs/Default (= 6.1.0)
  - OHHTTPStubs/Core (6.1.0)
  - OHHTTPStubs/Default (6.1.0):
    - OHHTTPStubs/Core
    - OHHTTPStubs/JSON
    - OHHTTPStubs/NSURLSession
    - OHHTTPStubs/OHPathHelpers
  - OHHTTPStubs/JSON (6.1.0):
    - OHHTTPStubs/Core
  - OHHTTPStubs/NSURLSession (6.1.0):
    - OHHTTPStubs/Core
  - OHHTTPStubs/OHPathHelpers (6.1.0)
  - OHHTTPStubs/Swift (6.1.0):
    - OHHTTPStubs/Default
  - SwiftDate (5.0.7)
  - SwiftWebSocket (2.7.0)
  - SwiftyJSON (4.1.0)

DEPENDENCIES:
  - Alamofire
  - AlamofireImage
  - KeychainSwift
  - MojioCore (from `.`)
  - OHHTTPStubs
  - OHHTTPStubs/Swift
  - SwiftDate
  - SwiftWebSocket (from `https://github.com/mojio/SwiftWebSocket`, branch `master`)
  - SwiftyJSON

SPEC REPOS:
  https://github.com/cocoapods/specs.git:
    - Alamofire
    - AlamofireImage
    - KeychainSwift
    - OHHTTPStubs
    - SwiftDate
    - SwiftyJSON

EXTERNAL SOURCES:
  MojioCore:
    :path: "."
  SwiftWebSocket:
    :branch: master
    :git: https://github.com/mojio/SwiftWebSocket

CHECKOUT OPTIONS:
  SwiftWebSocket:
    :commit: f007b86aaaa9a437ca368af3ce81daacfa122f06
    :git: https://github.com/mojio/SwiftWebSocket

SPEC CHECKSUMS:
  Alamofire: 16ce2c353fb72865124ddae8a57c5942388f4f11
  AlamofireImage: 1aea346f4dda2f6c67622fa5a89fcbb80d79cc16
  KeychainSwift: bea6bd9f98af7b8d7ca4aa79fe105c00fab532db
  MojioCore: 25c7212594e08cf3d0d5f02459846b277b1ada83
  OHHTTPStubs: 1e21c7d2c084b8153fc53d48400d8919d2d432d0
  SwiftDate: f053fb89250c59af5eff777f3b832d2b9dd57403
  SwiftWebSocket: 612c9729fd503cb6b0b8b45390c788686dac306f
  SwiftyJSON: c29297daf073d2aa016295d5809cdd68045c39b3

PODFILE CHECKSUM: 64cf1cd43246e84af3582ca30112f1fd56832704

COCOAPODS: 1.7.5
