// !$*UTF8*$!
{
	archiveVersion = 1;
	classes = {
	};
	objectVersion = 46;
	objects = {

/* Begin PBXBuildFile section */
		754138401A72F2FA00396601 /* Address.m in Sources */ = {isa = PBXBuildFile; fileRef = 7541383F1A72F2FA00396601 /* Address.m */; };
		754138431A72F37F00396601 /* App.m in Sources */ = {isa = PBXBuildFile; fileRef = 754138421A72F37F00396601 /* App.m */; };
		754138461A72F63400396601 /* AuthenticationProvider.m in Sources */ = {isa = PBXBuildFile; fileRef = 754138451A72F63400396601 /* AuthenticationProvider.m */; };
		754138491A72F68100396601 /* CarState.m in Sources */ = {isa = PBXBuildFile; fileRef = 754138481A72F68100396601 /* CarState.m */; };
		7541384C1A72F89E00396601 /* DTC.m in Sources */ = {isa = PBXBuildFile; fileRef = 7541384B1A72F89E00396601 /* DTC.m */; };
		7541384F1A72FA5500396601 /* Entity.m in Sources */ = {isa = PBXBuildFile; fileRef = 7541384E1A72FA5500396601 /* Entity.m */; };
		754138521A72FA6700396601 /* EntityType.m in Sources */ = {isa = PBXBuildFile; fileRef = 754138511A72FA6700396601 /* EntityType.m */; };
		754138551A72FB9F00396601 /* EventBroadcast.m in Sources */ = {isa = PBXBuildFile; fileRef = 754138541A72FB9F00396601 /* EventBroadcast.m */; };
		754138581A73019900396601 /* ImageSize.m in Sources */ = {isa = PBXBuildFile; fileRef = 754138571A73019900396601 /* ImageSize.m */; };
		7541385B1A7303DB00396601 /* Location.m in Sources */ = {isa = PBXBuildFile; fileRef = 7541385A1A7303DB00396601 /* Location.m */; };
		754138611A730C7600396601 /* Mojio_Mojio.m in Sources */ = {isa = PBXBuildFile; fileRef = 754138601A730C7600396601 /* Mojio_Mojio.m */; };
		754138641A730FE600396601 /* Register.m in Sources */ = {isa = PBXBuildFile; fileRef = 754138631A730FE600396601 /* Register.m */; };
		754138671A73165500396601 /* Storage.m in Sources */ = {isa = PBXBuildFile; fileRef = 754138661A73165500396601 /* Storage.m */; };
		7541386A1A73175800396601 /* Token.m in Sources */ = {isa = PBXBuildFile; fileRef = 754138691A73175800396601 /* Token.m */; };
		75A1D8E91A71DEE70008D81C /* main.m in Sources */ = {isa = PBXBuildFile; fileRef = 75A1D8E81A71DEE70008D81C /* main.m */; };
		75A1D8EC1A71DEE70008D81C /* AppDelegate.m in Sources */ = {isa = PBXBuildFile; fileRef = 75A1D8EB1A71DEE70008D81C /* AppDelegate.m */; };
		75A1D8EF1A71DEE70008D81C /* ViewController.m in Sources */ = {isa = PBXBuildFile; fileRef = 75A1D8EE1A71DEE70008D81C /* ViewController.m */; };
		75A1D8F21A71DEE70008D81C /* Main.storyboard in Resources */ = {isa = PBXBuildFile; fileRef = 75A1D8F01A71DEE70008D81C /* Main.storyboard */; };
		75A1D8F41A71DEE70008D81C /* Images.xcassets in Resources */ = {isa = PBXBuildFile; fileRef = 75A1D8F31A71DEE70008D81C /* Images.xcassets */; };
		75A1D8F71A71DEE70008D81C /* LaunchScreen.xib in Resources */ = {isa = PBXBuildFile; fileRef = 75A1D8F51A71DEE70008D81C /* LaunchScreen.xib */; };
		75A1D9031A71DEE70008D81C /* SdkTryoutTests.m in Sources */ = {isa = PBXBuildFile; fileRef = 75A1D9021A71DEE70008D81C /* SdkTryoutTests.m */; };
		75A1D90F1A71DF550008D81C /* MojioClient.m in Sources */ = {isa = PBXBuildFile; fileRef = 75A1D90E1A71DF550008D81C /* MojioClient.m */; };
		75E14A011A76B1D50041FCAB /* AFHTTPRequestOperation.m in Sources */ = {isa = PBXBuildFile; fileRef = 75E149EF1A76B1D50041FCAB /* AFHTTPRequestOperation.m */; };
		75E14A021A76B1D50041FCAB /* AFHTTPRequestOperationManager.m in Sources */ = {isa = PBXBuildFile; fileRef = 75E149F11A76B1D50041FCAB /* AFHTTPRequestOperationManager.m */; };
		75E14A031A76B1D50041FCAB /* AFHTTPSessionManager.m in Sources */ = {isa = PBXBuildFile; fileRef = 75E149F31A76B1D50041FCAB /* AFHTTPSessionManager.m */; };
		75E14A041A76B1D50041FCAB /* AFNetworkReachabilityManager.m in Sources */ = {isa = PBXBuildFile; fileRef = 75E149F61A76B1D50041FCAB /* AFNetworkReachabilityManager.m */; };
		75E14A051A76B1D50041FCAB /* AFSecurityPolicy.m in Sources */ = {isa = PBXBuildFile; fileRef = 75E149F81A76B1D50041FCAB /* AFSecurityPolicy.m */; };
		75E14A061A76B1D50041FCAB /* AFURLConnectionOperation.m in Sources */ = {isa = PBXBuildFile; fileRef = 75E149FA1A76B1D50041FCAB /* AFURLConnectionOperation.m */; };
		75E14A071A76B1D50041FCAB /* AFURLRequestSerialization.m in Sources */ = {isa = PBXBuildFile; fileRef = 75E149FC1A76B1D50041FCAB /* AFURLRequestSerialization.m */; };
		75E14A081A76B1D50041FCAB /* AFURLResponseSerialization.m in Sources */ = {isa = PBXBuildFile; fileRef = 75E149FE1A76B1D50041FCAB /* AFURLResponseSerialization.m */; };
		75E14A091A76B1D50041FCAB /* AFURLSessionManager.m in Sources */ = {isa = PBXBuildFile; fileRef = 75E14A001A76B1D50041FCAB /* AFURLSessionManager.m */; };
		75E14A0C1A76E3E40041FCAB /* Vehicle.m in Sources */ = {isa = PBXBuildFile; fileRef = 75E14A0B1A76E3E40041FCAB /* Vehicle.m */; };
		75E14A0F1A770C4D0041FCAB /* MojioResponse.m in Sources */ = {isa = PBXBuildFile; fileRef = 75E14A0E1A770C4D0041FCAB /* MojioResponse.m */; };
		75E14A151A780C1C0041FCAB /* AFHTTPRequestSerializer+OAuth2.m in Sources */ = {isa = PBXBuildFile; fileRef = 75E14A121A780C1C0041FCAB /* AFHTTPRequestSerializer+OAuth2.m */; };
		75E14A161A780C1C0041FCAB /* AFOAuth2Manager.m in Sources */ = {isa = PBXBuildFile; fileRef = 75E14A141A780C1C0041FCAB /* AFOAuth2Manager.m */; };
/* End PBXBuildFile section */

/* Begin PBXContainerItemProxy section */
		75A1D8FD1A71DEE70008D81C /* PBXContainerItemProxy */ = {
			isa = PBXContainerItemProxy;
			containerPortal = 75A1D8DB1A71DEE70008D81C /* Project object */;
			proxyType = 1;
			remoteGlobalIDString = 75A1D8E21A71DEE70008D81C;
			remoteInfo = SdkTryout;
		};
/* End PBXContainerItemProxy section */

/* Begin PBXFileReference section */
		7541383E1A72F2FA00396601 /* Address.h */ = {isa = PBXFileReference; fileEncoding = 4; lastKnownFileType = sourcecode.c.h; path = Address.h; sourceTree = "<group>"; };
		7541383F1A72F2FA00396601 /* Address.m */ = {isa = PBXFileReference; fileEncoding = 4; lastKnownFileType = sourcecode.c.objc; path = Address.m; sourceTree = "<group>"; };
		754138411A72F37F00396601 /* App.h */ = {isa = PBXFileReference; fileEncoding = 4; lastKnownFileType = sourcecode.c.h; path = App.h; sourceTree = "<group>"; };
		754138421A72F37F00396601 /* App.m */ = {isa = PBXFileReference; fileEncoding = 4; lastKnownFileType = sourcecode.c.objc; path = App.m; sourceTree = "<group>"; };
		754138441A72F63400396601 /* AuthenticationProvider.h */ = {isa = PBXFileReference; fileEncoding = 4; lastKnownFileType = sourcecode.c.h; path = AuthenticationProvider.h; sourceTree = "<group>"; };
		754138451A72F63400396601 /* AuthenticationProvider.m */ = {isa = PBXFileReference; fileEncoding = 4; lastKnownFileType = sourcecode.c.objc; path = AuthenticationProvider.m; sourceTree = "<group>"; };
		754138471A72F68100396601 /* CarState.h */ = {isa = PBXFileReference; fileEncoding = 4; lastKnownFileType = sourcecode.c.h; path = CarState.h; sourceTree = "<group>"; };
		754138481A72F68100396601 /* CarState.m */ = {isa = PBXFileReference; fileEncoding = 4; lastKnownFileType = sourcecode.c.objc; path = CarState.m; sourceTree = "<group>"; };
		7541384A1A72F89E00396601 /* DTC.h */ = {isa = PBXFileReference; fileEncoding = 4; lastKnownFileType = sourcecode.c.h; path = DTC.h; sourceTree = "<group>"; };
		7541384B1A72F89E00396601 /* DTC.m */ = {isa = PBXFileReference; fileEncoding = 4; lastKnownFileType = sourcecode.c.objc; path = DTC.m; sourceTree = "<group>"; };
		7541384D1A72FA5500396601 /* Entity.h */ = {isa = PBXFileReference; fileEncoding = 4; lastKnownFileType = sourcecode.c.h; path = Entity.h; sourceTree = "<group>"; };
		7541384E1A72FA5500396601 /* Entity.m */ = {isa = PBXFileReference; fileEncoding = 4; lastKnownFileType = sourcecode.c.objc; path = Entity.m; sourceTree = "<group>"; };
		754138501A72FA6700396601 /* EntityType.h */ = {isa = PBXFileReference; fileEncoding = 4; lastKnownFileType = sourcecode.c.h; path = EntityType.h; sourceTree = "<group>"; };
		754138511A72FA6700396601 /* EntityType.m */ = {isa = PBXFileReference; fileEncoding = 4; lastKnownFileType = sourcecode.c.objc; path = EntityType.m; sourceTree = "<group>"; };
		754138531A72FB9F00396601 /* EventBroadcast.h */ = {isa = PBXFileReference; fileEncoding = 4; lastKnownFileType = sourcecode.c.h; path = EventBroadcast.h; sourceTree = "<group>"; };
		754138541A72FB9F00396601 /* EventBroadcast.m */ = {isa = PBXFileReference; fileEncoding = 4; lastKnownFileType = sourcecode.c.objc; path = EventBroadcast.m; sourceTree = "<group>"; };
		754138561A73019900396601 /* ImageSize.h */ = {isa = PBXFileReference; fileEncoding = 4; lastKnownFileType = sourcecode.c.h; path = ImageSize.h; sourceTree = "<group>"; };
		754138571A73019900396601 /* ImageSize.m */ = {isa = PBXFileReference; fileEncoding = 4; lastKnownFileType = sourcecode.c.objc; path = ImageSize.m; sourceTree = "<group>"; };
		754138591A7303DB00396601 /* Location.h */ = {isa = PBXFileReference; fileEncoding = 4; lastKnownFileType = sourcecode.c.h; path = Location.h; sourceTree = "<group>"; };
		7541385A1A7303DB00396601 /* Location.m */ = {isa = PBXFileReference; fileEncoding = 4; lastKnownFileType = sourcecode.c.objc; path = Location.m; sourceTree = "<group>"; };
		7541385F1A730C7600396601 /* Mojio_Mojio.h */ = {isa = PBXFileReference; fileEncoding = 4; lastKnownFileType = sourcecode.c.h; path = Mojio_Mojio.h; sourceTree = "<group>"; };
		754138601A730C7600396601 /* Mojio_Mojio.m */ = {isa = PBXFileReference; fileEncoding = 4; lastKnownFileType = sourcecode.c.objc; path = Mojio_Mojio.m; sourceTree = "<group>"; };
		754138621A730FE600396601 /* Register.h */ = {isa = PBXFileReference; fileEncoding = 4; lastKnownFileType = sourcecode.c.h; path = Register.h; sourceTree = "<group>"; };
		754138631A730FE600396601 /* Register.m */ = {isa = PBXFileReference; fileEncoding = 4; lastKnownFileType = sourcecode.c.objc; path = Register.m; sourceTree = "<group>"; };
		754138651A73165500396601 /* Storage.h */ = {isa = PBXFileReference; fileEncoding = 4; lastKnownFileType = sourcecode.c.h; path = Storage.h; sourceTree = "<group>"; };
		754138661A73165500396601 /* Storage.m */ = {isa = PBXFileReference; fileEncoding = 4; lastKnownFileType = sourcecode.c.objc; path = Storage.m; sourceTree = "<group>"; };
		754138681A73175800396601 /* Token.h */ = {isa = PBXFileReference; fileEncoding = 4; lastKnownFileType = sourcecode.c.h; path = Token.h; sourceTree = "<group>"; };
		754138691A73175800396601 /* Token.m */ = {isa = PBXFileReference; fileEncoding = 4; lastKnownFileType = sourcecode.c.objc; path = Token.m; sourceTree = "<group>"; };
		75A1D8E31A71DEE70008D81C /* iOS.app */ = {isa = PBXFileReference; explicitFileType = wrapper.application; includeInIndex = 0; path = iOS.app; sourceTree = BUILT_PRODUCTS_DIR; };
		75A1D8E71A71DEE70008D81C /* Info.plist */ = {isa = PBXFileReference; lastKnownFileType = text.plist.xml; path = Info.plist; sourceTree = "<group>"; };
		75A1D8E81A71DEE70008D81C /* main.m */ = {isa = PBXFileReference; lastKnownFileType = sourcecode.c.objc; path = main.m; sourceTree = "<group>"; };
		75A1D8EA1A71DEE70008D81C /* AppDelegate.h */ = {isa = PBXFileReference; lastKnownFileType = sourcecode.c.h; path = AppDelegate.h; sourceTree = "<group>"; };
		75A1D8EB1A71DEE70008D81C /* AppDelegate.m */ = {isa = PBXFileReference; lastKnownFileType = sourcecode.c.objc; path = AppDelegate.m; sourceTree = "<group>"; };
		75A1D8ED1A71DEE70008D81C /* ViewController.h */ = {isa = PBXFileReference; lastKnownFileType = sourcecode.c.h; path = ViewController.h; sourceTree = "<group>"; };
		75A1D8EE1A71DEE70008D81C /* ViewController.m */ = {isa = PBXFileReference; lastKnownFileType = sourcecode.c.objc; path = ViewController.m; sourceTree = "<group>"; };
		75A1D8F11A71DEE70008D81C /* Base */ = {isa = PBXFileReference; lastKnownFileType = file.storyboard; name = Base; path = Base.lproj/Main.storyboard; sourceTree = "<group>"; };
		75A1D8F31A71DEE70008D81C /* Images.xcassets */ = {isa = PBXFileReference; lastKnownFileType = folder.assetcatalog; path = Images.xcassets; sourceTree = "<group>"; };
		75A1D8F61A71DEE70008D81C /* Base */ = {isa = PBXFileReference; lastKnownFileType = file.xib; name = Base; path = Base.lproj/LaunchScreen.xib; sourceTree = "<group>"; };
		75A1D8FC1A71DEE70008D81C /* iOSTests.xctest */ = {isa = PBXFileReference; explicitFileType = wrapper.cfbundle; includeInIndex = 0; path = iOSTests.xctest; sourceTree = BUILT_PRODUCTS_DIR; };
		75A1D9011A71DEE70008D81C /* Info.plist */ = {isa = PBXFileReference; lastKnownFileType = text.plist.xml; path = Info.plist; sourceTree = "<group>"; };
		75A1D9021A71DEE70008D81C /* SdkTryoutTests.m */ = {isa = PBXFileReference; lastKnownFileType = sourcecode.c.objc; path = SdkTryoutTests.m; sourceTree = "<group>"; };
		75A1D90D1A71DF550008D81C /* MojioClient.h */ = {isa = PBXFileReference; fileEncoding = 4; lastKnownFileType = sourcecode.c.h; path = MojioClient.h; sourceTree = "<group>"; };
		75A1D90E1A71DF550008D81C /* MojioClient.m */ = {isa = PBXFileReference; fileEncoding = 4; lastKnownFileType = sourcecode.c.objc; path = MojioClient.m; sourceTree = "<group>"; };
		75E149EE1A76B1D50041FCAB /* AFHTTPRequestOperation.h */ = {isa = PBXFileReference; fileEncoding = 4; lastKnownFileType = sourcecode.c.h; path = AFHTTPRequestOperation.h; sourceTree = "<group>"; };
		75E149EF1A76B1D50041FCAB /* AFHTTPRequestOperation.m */ = {isa = PBXFileReference; fileEncoding = 4; lastKnownFileType = sourcecode.c.objc; path = AFHTTPRequestOperation.m; sourceTree = "<group>"; };
		75E149F01A76B1D50041FCAB /* AFHTTPRequestOperationManager.h */ = {isa = PBXFileReference; fileEncoding = 4; lastKnownFileType = sourcecode.c.h; path = AFHTTPRequestOperationManager.h; sourceTree = "<group>"; };
		75E149F11A76B1D50041FCAB /* AFHTTPRequestOperationManager.m */ = {isa = PBXFileReference; fileEncoding = 4; lastKnownFileType = sourcecode.c.objc; path = AFHTTPRequestOperationManager.m; sourceTree = "<group>"; };
		75E149F21A76B1D50041FCAB /* AFHTTPSessionManager.h */ = {isa = PBXFileReference; fileEncoding = 4; lastKnownFileType = sourcecode.c.h; path = AFHTTPSessionManager.h; sourceTree = "<group>"; };
		75E149F31A76B1D50041FCAB /* AFHTTPSessionManager.m */ = {isa = PBXFileReference; fileEncoding = 4; lastKnownFileType = sourcecode.c.objc; path = AFHTTPSessionManager.m; sourceTree = "<group>"; };
		75E149F41A76B1D50041FCAB /* AFNetworking.h */ = {isa = PBXFileReference; fileEncoding = 4; lastKnownFileType = sourcecode.c.h; path = AFNetworking.h; sourceTree = "<group>"; };
		75E149F51A76B1D50041FCAB /* AFNetworkReachabilityManager.h */ = {isa = PBXFileReference; fileEncoding = 4; lastKnownFileType = sourcecode.c.h; path = AFNetworkReachabilityManager.h; sourceTree = "<group>"; };
		75E149F61A76B1D50041FCAB /* AFNetworkReachabilityManager.m */ = {isa = PBXFileReference; fileEncoding = 4; lastKnownFileType = sourcecode.c.objc; path = AFNetworkReachabilityManager.m; sourceTree = "<group>"; };
		75E149F71A76B1D50041FCAB /* AFSecurityPolicy.h */ = {isa = PBXFileReference; fileEncoding = 4; lastKnownFileType = sourcecode.c.h; path = AFSecurityPolicy.h; sourceTree = "<group>"; };
		75E149F81A76B1D50041FCAB /* AFSecurityPolicy.m */ = {isa = PBXFileReference; fileEncoding = 4; lastKnownFileType = sourcecode.c.objc; path = AFSecurityPolicy.m; sourceTree = "<group>"; };
		75E149F91A76B1D50041FCAB /* AFURLConnectionOperation.h */ = {isa = PBXFileReference; fileEncoding = 4; lastKnownFileType = sourcecode.c.h; path = AFURLConnectionOperation.h; sourceTree = "<group>"; };
		75E149FA1A76B1D50041FCAB /* AFURLConnectionOperation.m */ = {isa = PBXFileReference; fileEncoding = 4; lastKnownFileType = sourcecode.c.objc; path = AFURLConnectionOperation.m; sourceTree = "<group>"; };
		75E149FB1A76B1D50041FCAB /* AFURLRequestSerialization.h */ = {isa = PBXFileReference; fileEncoding = 4; lastKnownFileType = sourcecode.c.h; path = AFURLRequestSerialization.h; sourceTree = "<group>"; };
		75E149FC1A76B1D50041FCAB /* AFURLRequestSerialization.m */ = {isa = PBXFileReference; fileEncoding = 4; lastKnownFileType = sourcecode.c.objc; path = AFURLRequestSerialization.m; sourceTree = "<group>"; };
		75E149FD1A76B1D50041FCAB /* AFURLResponseSerialization.h */ = {isa = PBXFileReference; fileEncoding = 4; lastKnownFileType = sourcecode.c.h; path = AFURLResponseSerialization.h; sourceTree = "<group>"; };
		75E149FE1A76B1D50041FCAB /* AFURLResponseSerialization.m */ = {isa = PBXFileReference; fileEncoding = 4; lastKnownFileType = sourcecode.c.objc; path = AFURLResponseSerialization.m; sourceTree = "<group>"; };
		75E149FF1A76B1D50041FCAB /* AFURLSessionManager.h */ = {isa = PBXFileReference; fileEncoding = 4; lastKnownFileType = sourcecode.c.h; path = AFURLSessionManager.h; sourceTree = "<group>"; };
		75E14A001A76B1D50041FCAB /* AFURLSessionManager.m */ = {isa = PBXFileReference; fileEncoding = 4; lastKnownFileType = sourcecode.c.objc; path = AFURLSessionManager.m; sourceTree = "<group>"; };
		75E14A0A1A76E3E40041FCAB /* Vehicle.h */ = {isa = PBXFileReference; fileEncoding = 4; lastKnownFileType = sourcecode.c.h; path = Vehicle.h; sourceTree = "<group>"; };
		75E14A0B1A76E3E40041FCAB /* Vehicle.m */ = {isa = PBXFileReference; fileEncoding = 4; lastKnownFileType = sourcecode.c.objc; path = Vehicle.m; sourceTree = "<group>"; };
		75E14A0D1A770C4D0041FCAB /* MojioResponse.h */ = {isa = PBXFileReference; fileEncoding = 4; lastKnownFileType = sourcecode.c.h; path = MojioResponse.h; sourceTree = "<group>"; };
		75E14A0E1A770C4D0041FCAB /* MojioResponse.m */ = {isa = PBXFileReference; fileEncoding = 4; lastKnownFileType = sourcecode.c.objc; path = MojioResponse.m; sourceTree = "<group>"; };
		75E14A111A780C1C0041FCAB /* AFHTTPRequestSerializer+OAuth2.h */ = {isa = PBXFileReference; fileEncoding = 4; lastKnownFileType = sourcecode.c.h; path = "AFHTTPRequestSerializer+OAuth2.h"; sourceTree = "<group>"; };
		75E14A121A780C1C0041FCAB /* AFHTTPRequestSerializer+OAuth2.m */ = {isa = PBXFileReference; fileEncoding = 4; lastKnownFileType = sourcecode.c.objc; path = "AFHTTPRequestSerializer+OAuth2.m"; sourceTree = "<group>"; };
		75E14A131A780C1C0041FCAB /* AFOAuth2Manager.h */ = {isa = PBXFileReference; fileEncoding = 4; lastKnownFileType = sourcecode.c.h; path = AFOAuth2Manager.h; sourceTree = "<group>"; };
		75E14A141A780C1C0041FCAB /* AFOAuth2Manager.m */ = {isa = PBXFileReference; fileEncoding = 4; lastKnownFileType = sourcecode.c.objc; path = AFOAuth2Manager.m; sourceTree = "<group>"; };
/* End PBXFileReference section */

/* Begin PBXFrameworksBuildPhase section */
		75A1D8E01A71DEE70008D81C /* Frameworks */ = {
			isa = PBXFrameworksBuildPhase;
			buildActionMask = 2147483647;
			files = (
			);
			runOnlyForDeploymentPostprocessing = 0;
		};
		75A1D8F91A71DEE70008D81C /* Frameworks */ = {
			isa = PBXFrameworksBuildPhase;
			buildActionMask = 2147483647;
			files = (
			);
			runOnlyForDeploymentPostprocessing = 0;
		};
/* End PBXFrameworksBuildPhase section */

/* Begin PBXGroup section */
		7541383D1A72F2E200396601 /* Mojio */ = {
			isa = PBXGroup;
			children = (
				7541383E1A72F2FA00396601 /* Address.h */,
				7541383F1A72F2FA00396601 /* Address.m */,
				754138411A72F37F00396601 /* App.h */,
				754138421A72F37F00396601 /* App.m */,
				754138441A72F63400396601 /* AuthenticationProvider.h */,
				754138451A72F63400396601 /* AuthenticationProvider.m */,
				754138471A72F68100396601 /* CarState.h */,
				754138481A72F68100396601 /* CarState.m */,
				7541384A1A72F89E00396601 /* DTC.h */,
				7541384B1A72F89E00396601 /* DTC.m */,
				7541384D1A72FA5500396601 /* Entity.h */,
				7541384E1A72FA5500396601 /* Entity.m */,
				754138501A72FA6700396601 /* EntityType.h */,
				754138511A72FA6700396601 /* EntityType.m */,
				754138531A72FB9F00396601 /* EventBroadcast.h */,
				754138541A72FB9F00396601 /* EventBroadcast.m */,
				754138561A73019900396601 /* ImageSize.h */,
				754138571A73019900396601 /* ImageSize.m */,
				754138591A7303DB00396601 /* Location.h */,
				7541385A1A7303DB00396601 /* Location.m */,
				7541385F1A730C7600396601 /* Mojio_Mojio.h */,
				754138601A730C7600396601 /* Mojio_Mojio.m */,
				754138621A730FE600396601 /* Register.h */,
				754138631A730FE600396601 /* Register.m */,
				754138651A73165500396601 /* Storage.h */,
				754138661A73165500396601 /* Storage.m */,
				754138681A73175800396601 /* Token.h */,
				754138691A73175800396601 /* Token.m */,
				75E14A0A1A76E3E40041FCAB /* Vehicle.h */,
				75E14A0B1A76E3E40041FCAB /* Vehicle.m */,
			);
			name = Mojio;
			sourceTree = "<group>";
		};
		75A1D8DA1A71DEE70008D81C = {
			isa = PBXGroup;
			children = (
				75A1D8E51A71DEE70008D81C /* iOS */,
				75A1D8FF1A71DEE70008D81C /* SdkTryoutTests */,
				75A1D8E41A71DEE70008D81C /* Products */,
			);
			sourceTree = "<group>";
		};
		75A1D8E41A71DEE70008D81C /* Products */ = {
			isa = PBXGroup;
			children = (
				75A1D8E31A71DEE70008D81C /* iOS.app */,
				75A1D8FC1A71DEE70008D81C /* iOSTests.xctest */,
			);
			name = Products;
			sourceTree = "<group>";
		};
		75A1D8E51A71DEE70008D81C /* iOS */ = {
			isa = PBXGroup;
			children = (
				75E14A101A780C1C0041FCAB /* AFOAuth2Manager */,
				75E149ED1A76B1D50041FCAB /* AFNetworking */,
				7541383D1A72F2E200396601 /* Mojio */,
				75A1D90C1A71DEEF0008D81C /* Mojio.Client */,
				75A1D8EA1A71DEE70008D81C /* AppDelegate.h */,
				75A1D8EB1A71DEE70008D81C /* AppDelegate.m */,
				75A1D8ED1A71DEE70008D81C /* ViewController.h */,
				75A1D8EE1A71DEE70008D81C /* ViewController.m */,
				75A1D8F01A71DEE70008D81C /* Main.storyboard */,
				75A1D8F31A71DEE70008D81C /* Images.xcassets */,
				75A1D8F51A71DEE70008D81C /* LaunchScreen.xib */,
				75A1D8E61A71DEE70008D81C /* Supporting Files */,
			);
			name = iOS;
			path = SdkTryout;
			sourceTree = "<group>";
		};
		75A1D8E61A71DEE70008D81C /* Supporting Files */ = {
			isa = PBXGroup;
			children = (
				75A1D8E71A71DEE70008D81C /* Info.plist */,
				75A1D8E81A71DEE70008D81C /* main.m */,
			);
			name = "Supporting Files";
			sourceTree = "<group>";
		};
		75A1D8FF1A71DEE70008D81C /* SdkTryoutTests */ = {
			isa = PBXGroup;
			children = (
				75A1D9021A71DEE70008D81C /* SdkTryoutTests.m */,
				75A1D9001A71DEE70008D81C /* Supporting Files */,
			);
			path = SdkTryoutTests;
			sourceTree = "<group>";
		};
		75A1D9001A71DEE70008D81C /* Supporting Files */ = {
			isa = PBXGroup;
			children = (
				75A1D9011A71DEE70008D81C /* Info.plist */,
			);
			name = "Supporting Files";
			sourceTree = "<group>";
		};
		75A1D90C1A71DEEF0008D81C /* Mojio.Client */ = {
			isa = PBXGroup;
			children = (
				75A1D90D1A71DF550008D81C /* MojioClient.h */,
				75A1D90E1A71DF550008D81C /* MojioClient.m */,
				75E14A0D1A770C4D0041FCAB /* MojioResponse.h */,
				75E14A0E1A770C4D0041FCAB /* MojioResponse.m */,
			);
			name = Mojio.Client;
			sourceTree = "<group>";
		};
		75E149ED1A76B1D50041FCAB /* AFNetworking */ = {
			isa = PBXGroup;
			children = (
				75E149EE1A76B1D50041FCAB /* AFHTTPRequestOperation.h */,
				75E149EF1A76B1D50041FCAB /* AFHTTPRequestOperation.m */,
				75E149F01A76B1D50041FCAB /* AFHTTPRequestOperationManager.h */,
				75E149F11A76B1D50041FCAB /* AFHTTPRequestOperationManager.m */,
				75E149F21A76B1D50041FCAB /* AFHTTPSessionManager.h */,
				75E149F31A76B1D50041FCAB /* AFHTTPSessionManager.m */,
				75E149F41A76B1D50041FCAB /* AFNetworking.h */,
				75E149F51A76B1D50041FCAB /* AFNetworkReachabilityManager.h */,
				75E149F61A76B1D50041FCAB /* AFNetworkReachabilityManager.m */,
				75E149F71A76B1D50041FCAB /* AFSecurityPolicy.h */,
				75E149F81A76B1D50041FCAB /* AFSecurityPolicy.m */,
				75E149F91A76B1D50041FCAB /* AFURLConnectionOperation.h */,
				75E149FA1A76B1D50041FCAB /* AFURLConnectionOperation.m */,
				75E149FB1A76B1D50041FCAB /* AFURLRequestSerialization.h */,
				75E149FC1A76B1D50041FCAB /* AFURLRequestSerialization.m */,
				75E149FD1A76B1D50041FCAB /* AFURLResponseSerialization.h */,
				75E149FE1A76B1D50041FCAB /* AFURLResponseSerialization.m */,
				75E149FF1A76B1D50041FCAB /* AFURLSessionManager.h */,
				75E14A001A76B1D50041FCAB /* AFURLSessionManager.m */,
			);
			path = AFNetworking;
			sourceTree = "<group>";
		};
		75E14A101A780C1C0041FCAB /* AFOAuth2Manager */ = {
			isa = PBXGroup;
			children = (
				75E14A111A780C1C0041FCAB /* AFHTTPRequestSerializer+OAuth2.h */,
				75E14A121A780C1C0041FCAB /* AFHTTPRequestSerializer+OAuth2.m */,
				75E14A131A780C1C0041FCAB /* AFOAuth2Manager.h */,
				75E14A141A780C1C0041FCAB /* AFOAuth2Manager.m */,
			);
			path = AFOAuth2Manager;
			sourceTree = "<group>";
		};
/* End PBXGroup section */

/* Begin PBXNativeTarget section */
		75A1D8E21A71DEE70008D81C /* iOS */ = {
			isa = PBXNativeTarget;
			buildConfigurationList = 75A1D9061A71DEE70008D81C /* Build configuration list for PBXNativeTarget "iOS" */;
			buildPhases = (
				75A1D8DF1A71DEE70008D81C /* Sources */,
				75A1D8E01A71DEE70008D81C /* Frameworks */,
				75A1D8E11A71DEE70008D81C /* Resources */,
			);
			buildRules = (
			);
			dependencies = (
			);
			name = iOS;
			productName = SdkTryout;
			productReference = 75A1D8E31A71DEE70008D81C /* iOS.app */;
			productType = "com.apple.product-type.application";
		};
		75A1D8FB1A71DEE70008D81C /* iOSTests */ = {
			isa = PBXNativeTarget;
			buildConfigurationList = 75A1D9091A71DEE70008D81C /* Build configuration list for PBXNativeTarget "iOSTests" */;
			buildPhases = (
				75A1D8F81A71DEE70008D81C /* Sources */,
				75A1D8F91A71DEE70008D81C /* Frameworks */,
				75A1D8FA1A71DEE70008D81C /* Resources */,
			);
			buildRules = (
			);
			dependencies = (
				75A1D8FE1A71DEE70008D81C /* PBXTargetDependency */,
			);
			name = iOSTests;
			productName = SdkTryoutTests;
			productReference = 75A1D8FC1A71DEE70008D81C /* iOSTests.xctest */;
			productType = "com.apple.product-type.bundle.unit-test";
		};
/* End PBXNativeTarget section */

/* Begin PBXProject section */
		75A1D8DB1A71DEE70008D81C /* Project object */ = {
			isa = PBXProject;
			attributes = {
				LastUpgradeCheck = 0610;
				ORGANIZATIONNAME = "Ashish Agarwal";
				TargetAttributes = {
					75A1D8E21A71DEE70008D81C = {
						CreatedOnToolsVersion = 6.1;
					};
					75A1D8FB1A71DEE70008D81C = {
						CreatedOnToolsVersion = 6.1;
						TestTargetID = 75A1D8E21A71DEE70008D81C;
					};
				};
			};
			buildConfigurationList = 75A1D8DE1A71DEE70008D81C /* Build configuration list for PBXProject "iOS" */;
			compatibilityVersion = "Xcode 3.2";
			developmentRegion = English;
			hasScannedForEncodings = 0;
			knownRegions = (
				en,
				Base,
			);
			mainGroup = 75A1D8DA1A71DEE70008D81C;
			productRefGroup = 75A1D8E41A71DEE70008D81C /* Products */;
			projectDirPath = "";
			projectRoot = "";
			targets = (
				75A1D8E21A71DEE70008D81C /* iOS */,
				75A1D8FB1A71DEE70008D81C /* iOSTests */,
			);
		};
/* End PBXProject section */

/* Begin PBXResourcesBuildPhase section */
		75A1D8E11A71DEE70008D81C /* Resources */ = {
			isa = PBXResourcesBuildPhase;
			buildActionMask = 2147483647;
			files = (
				75A1D8F21A71DEE70008D81C /* Main.storyboard in Resources */,
				75A1D8F71A71DEE70008D81C /* LaunchScreen.xib in Resources */,
				75A1D8F41A71DEE70008D81C /* Images.xcassets in Resources */,
			);
			runOnlyForDeploymentPostprocessing = 0;
		};
		75A1D8FA1A71DEE70008D81C /* Resources */ = {
			isa = PBXResourcesBuildPhase;
			buildActionMask = 2147483647;
			files = (
			);
			runOnlyForDeploymentPostprocessing = 0;
		};
/* End PBXResourcesBuildPhase section */

/* Begin PBXSourcesBuildPhase section */
		75A1D8DF1A71DEE70008D81C /* Sources */ = {
			isa = PBXSourcesBuildPhase;
			buildActionMask = 2147483647;
			files = (
				754138551A72FB9F00396601 /* EventBroadcast.m in Sources */,
				7541384F1A72FA5500396601 /* Entity.m in Sources */,
				75E14A051A76B1D50041FCAB /* AFSecurityPolicy.m in Sources */,
				75E14A021A76B1D50041FCAB /* AFHTTPRequestOperationManager.m in Sources */,
				75E14A011A76B1D50041FCAB /* AFHTTPRequestOperation.m in Sources */,
				754138581A73019900396601 /* ImageSize.m in Sources */,
				75E14A161A780C1C0041FCAB /* AFOAuth2Manager.m in Sources */,
				754138521A72FA6700396601 /* EntityType.m in Sources */,
				7541384C1A72F89E00396601 /* DTC.m in Sources */,
				75A1D8EF1A71DEE70008D81C /* ViewController.m in Sources */,
				75E14A0F1A770C4D0041FCAB /* MojioResponse.m in Sources */,
				75A1D90F1A71DF550008D81C /* MojioClient.m in Sources */,
				75A1D8EC1A71DEE70008D81C /* AppDelegate.m in Sources */,
				7541385B1A7303DB00396601 /* Location.m in Sources */,
				754138611A730C7600396601 /* Mojio_Mojio.m in Sources */,
				75E14A031A76B1D50041FCAB /* AFHTTPSessionManager.m in Sources */,
				754138641A730FE600396601 /* Register.m in Sources */,
				754138431A72F37F00396601 /* App.m in Sources */,
				75E14A061A76B1D50041FCAB /* AFURLConnectionOperation.m in Sources */,
				75E14A071A76B1D50041FCAB /* AFURLRequestSerialization.m in Sources */,
				75E14A091A76B1D50041FCAB /* AFURLSessionManager.m in Sources */,
				75E14A081A76B1D50041FCAB /* AFURLResponseSerialization.m in Sources */,
				754138491A72F68100396601 /* CarState.m in Sources */,
				754138401A72F2FA00396601 /* Address.m in Sources */,
				75A1D8E91A71DEE70008D81C /* main.m in Sources */,
				7541386A1A73175800396601 /* Token.m in Sources */,
				75E14A0C1A76E3E40041FCAB /* Vehicle.m in Sources */,
				75E14A151A780C1C0041FCAB /* AFHTTPRequestSerializer+OAuth2.m in Sources */,
				754138461A72F63400396601 /* AuthenticationProvider.m in Sources */,
				75E14A041A76B1D50041FCAB /* AFNetworkReachabilityManager.m in Sources */,
				754138671A73165500396601 /* Storage.m in Sources */,
			);
			runOnlyForDeploymentPostprocessing = 0;
		};
		75A1D8F81A71DEE70008D81C /* Sources */ = {
			isa = PBXSourcesBuildPhase;
			buildActionMask = 2147483647;
			files = (
				75A1D9031A71DEE70008D81C /* SdkTryoutTests.m in Sources */,
			);
			runOnlyForDeploymentPostprocessing = 0;
		};
/* End PBXSourcesBuildPhase section */

/* Begin PBXTargetDependency section */
		75A1D8FE1A71DEE70008D81C /* PBXTargetDependency */ = {
			isa = PBXTargetDependency;
			target = 75A1D8E21A71DEE70008D81C /* iOS */;
			targetProxy = 75A1D8FD1A71DEE70008D81C /* PBXContainerItemProxy */;
		};
/* End PBXTargetDependency section */

/* Begin PBXVariantGroup section */
		75A1D8F01A71DEE70008D81C /* Main.storyboard */ = {
			isa = PBXVariantGroup;
			children = (
				75A1D8F11A71DEE70008D81C /* Base */,
			);
			name = Main.storyboard;
			sourceTree = "<group>";
		};
		75A1D8F51A71DEE70008D81C /* LaunchScreen.xib */ = {
			isa = PBXVariantGroup;
			children = (
				75A1D8F61A71DEE70008D81C /* Base */,
			);
			name = LaunchScreen.xib;
			sourceTree = "<group>";
		};
/* End PBXVariantGroup section */

/* Begin XCBuildConfiguration section */
		75A1D9041A71DEE70008D81C /* Debug */ = {
			isa = XCBuildConfiguration;
			buildSettings = {
				ALWAYS_SEARCH_USER_PATHS = NO;
				CLANG_CXX_LANGUAGE_STANDARD = "gnu++0x";
				CLANG_CXX_LIBRARY = "libc++";
				CLANG_ENABLE_MODULES = YES;
				CLANG_ENABLE_OBJC_ARC = YES;
				CLANG_WARN_BOOL_CONVERSION = YES;
				CLANG_WARN_CONSTANT_CONVERSION = YES;
				CLANG_WARN_DIRECT_OBJC_ISA_USAGE = YES_ERROR;
				CLANG_WARN_EMPTY_BODY = YES;
				CLANG_WARN_ENUM_CONVERSION = YES;
				CLANG_WARN_INT_CONVERSION = YES;
				CLANG_WARN_OBJC_ROOT_CLASS = YES_ERROR;
				CLANG_WARN_UNREACHABLE_CODE = YES;
				CLANG_WARN__DUPLICATE_METHOD_MATCH = YES;
				"CODE_SIGN_IDENTITY[sdk=iphoneos*]" = "iPhone Developer";
				COPY_PHASE_STRIP = NO;
				ENABLE_STRICT_OBJC_MSGSEND = YES;
				GCC_C_LANGUAGE_STANDARD = gnu99;
				GCC_DYNAMIC_NO_PIC = NO;
				GCC_OPTIMIZATION_LEVEL = 0;
				GCC_PREPROCESSOR_DEFINITIONS = (
					"DEBUG=1",
					"$(inherited)",
				);
				GCC_SYMBOLS_PRIVATE_EXTERN = NO;
				GCC_WARN_64_TO_32_BIT_CONVERSION = YES;
				GCC_WARN_ABOUT_RETURN_TYPE = YES_ERROR;
				GCC_WARN_UNDECLARED_SELECTOR = YES;
				GCC_WARN_UNINITIALIZED_AUTOS = YES_AGGRESSIVE;
				GCC_WARN_UNUSED_FUNCTION = YES;
				GCC_WARN_UNUSED_VARIABLE = YES;
				IPHONEOS_DEPLOYMENT_TARGET = 8.1;
				MTL_ENABLE_DEBUG_INFO = YES;
				ONLY_ACTIVE_ARCH = YES;
				SDKROOT = iphoneos;
			};
			name = Debug;
		};
		75A1D9051A71DEE70008D81C /* Release */ = {
			isa = XCBuildConfiguration;
			buildSettings = {
				ALWAYS_SEARCH_USER_PATHS = NO;
				CLANG_CXX_LANGUAGE_STANDARD = "gnu++0x";
				CLANG_CXX_LIBRARY = "libc++";
				CLANG_ENABLE_MODULES = YES;
				CLANG_ENABLE_OBJC_ARC = YES;
				CLANG_WARN_BOOL_CONVERSION = YES;
				CLANG_WARN_CONSTANT_CONVERSION = YES;
				CLANG_WARN_DIRECT_OBJC_ISA_USAGE = YES_ERROR;
				CLANG_WARN_EMPTY_BODY = YES;
				CLANG_WARN_ENUM_CONVERSION = YES;
				CLANG_WARN_INT_CONVERSION = YES;
				CLANG_WARN_OBJC_ROOT_CLASS = YES_ERROR;
				CLANG_WARN_UNREACHABLE_CODE = YES;
				CLANG_WARN__DUPLICATE_METHOD_MATCH = YES;
				"CODE_SIGN_IDENTITY[sdk=iphoneos*]" = "iPhone Developer";
				COPY_PHASE_STRIP = YES;
				ENABLE_NS_ASSERTIONS = NO;
				ENABLE_STRICT_OBJC_MSGSEND = YES;
				GCC_C_LANGUAGE_STANDARD = gnu99;
				GCC_WARN_64_TO_32_BIT_CONVERSION = YES;
				GCC_WARN_ABOUT_RETURN_TYPE = YES_ERROR;
				GCC_WARN_UNDECLARED_SELECTOR = YES;
				GCC_WARN_UNINITIALIZED_AUTOS = YES_AGGRESSIVE;
				GCC_WARN_UNUSED_FUNCTION = YES;
				GCC_WARN_UNUSED_VARIABLE = YES;
				IPHONEOS_DEPLOYMENT_TARGET = 8.1;
				MTL_ENABLE_DEBUG_INFO = NO;
				SDKROOT = iphoneos;
				VALIDATE_PRODUCT = YES;
			};
			name = Release;
		};
		75A1D9071A71DEE70008D81C /* Debug */ = {
			isa = XCBuildConfiguration;
			buildSettings = {
				ASSETCATALOG_COMPILER_APPICON_NAME = AppIcon;
				INFOPLIST_FILE = SdkTryout/Info.plist;
				LD_RUNPATH_SEARCH_PATHS = "$(inherited) @executable_path/Frameworks";
				PRODUCT_NAME = iOS;
			};
			name = Debug;
		};
		75A1D9081A71DEE70008D81C /* Release */ = {
			isa = XCBuildConfiguration;
			buildSettings = {
				ASSETCATALOG_COMPILER_APPICON_NAME = AppIcon;
				INFOPLIST_FILE = SdkTryout/Info.plist;
				LD_RUNPATH_SEARCH_PATHS = "$(inherited) @executable_path/Frameworks";
				PRODUCT_NAME = iOS;
			};
			name = Release;
		};
		75A1D90A1A71DEE70008D81C /* Debug */ = {
			isa = XCBuildConfiguration;
			buildSettings = {
				BUNDLE_LOADER = "$(TEST_HOST)";
				FRAMEWORK_SEARCH_PATHS = (
					"$(SDKROOT)/Developer/Library/Frameworks",
					"$(inherited)",
				);
				GCC_PREPROCESSOR_DEFINITIONS = (
					"DEBUG=1",
					"$(inherited)",
				);
				INFOPLIST_FILE = SdkTryoutTests/Info.plist;
				LD_RUNPATH_SEARCH_PATHS = "$(inherited) @executable_path/Frameworks @loader_path/Frameworks";
				PRODUCT_NAME = iOSTests;
				TEST_HOST = "$(BUILT_PRODUCTS_DIR)/SdkTryout.app/SdkTryout";
			};
			name = Debug;
		};
		75A1D90B1A71DEE70008D81C /* Release */ = {
			isa = XCBuildConfiguration;
			buildSettings = {
				BUNDLE_LOADER = "$(TEST_HOST)";
				FRAMEWORK_SEARCH_PATHS = (
					"$(SDKROOT)/Developer/Library/Frameworks",
					"$(inherited)",
				);
				INFOPLIST_FILE = SdkTryoutTests/Info.plist;
				LD_RUNPATH_SEARCH_PATHS = "$(inherited) @executable_path/Frameworks @loader_path/Frameworks";
				PRODUCT_NAME = iOSTests;
				TEST_HOST = "$(BUILT_PRODUCTS_DIR)/SdkTryout.app/SdkTryout";
			};
			name = Release;
		};
/* End XCBuildConfiguration section */

/* Begin XCConfigurationList section */
		75A1D8DE1A71DEE70008D81C /* Build configuration list for PBXProject "iOS" */ = {
			isa = XCConfigurationList;
			buildConfigurations = (
				75A1D9041A71DEE70008D81C /* Debug */,
				75A1D9051A71DEE70008D81C /* Release */,
			);
			defaultConfigurationIsVisible = 0;
			defaultConfigurationName = Release;
		};
		75A1D9061A71DEE70008D81C /* Build configuration list for PBXNativeTarget "iOS" */ = {
			isa = XCConfigurationList;
			buildConfigurations = (
				75A1D9071A71DEE70008D81C /* Debug */,
				75A1D9081A71DEE70008D81C /* Release */,
			);
			defaultConfigurationIsVisible = 0;
			defaultConfigurationName = Release;
		};
		75A1D9091A71DEE70008D81C /* Build configuration list for PBXNativeTarget "iOSTests" */ = {
			isa = XCConfigurationList;
			buildConfigurations = (
				75A1D90A1A71DEE70008D81C /* Debug */,
				75A1D90B1A71DEE70008D81C /* Release */,
			);
			defaultConfigurationIsVisible = 0;
			defaultConfigurationName = Release;
		};
/* End XCConfigurationList section */
	};
	rootObject = 75A1D8DB1A71DEE70008D81C /* Project object */;
}
