// !$*UTF8*$!
{
	archiveVersion = 1;
	classes = {
	};
	objectVersion = 46;
	objects = {

/* Begin PBXBuildFile section */
		51E5A8ED1A7825BB00EEE3BC /* MojioSDKiOS.h in Headers */ = {isa = PBXBuildFile; fileRef = 51E5A8EC1A7825BB00EEE3BC /* MojioSDKiOS.h */; settings = {ATTRIBUTES = (Public, ); }; };
		51E5A8F31A7825BB00EEE3BC /* MojioSDKiOS.framework in Frameworks */ = {isa = PBXBuildFile; fileRef = 51E5A8E71A7825BB00EEE3BC /* MojioSDKiOS.framework */; };
		51E5A8FA1A7825BB00EEE3BC /* MojioSDKiOSTests.m in Sources */ = {isa = PBXBuildFile; fileRef = 51E5A8F91A7825BB00EEE3BC /* MojioSDKiOSTests.m */; };
		51E5A9261A7825DB00EEE3BC /* Address.h in Headers */ = {isa = PBXBuildFile; fileRef = 51E5A9041A7825DB00EEE3BC /* Address.h */; };
		51E5A9271A7825DB00EEE3BC /* Address.m in Sources */ = {isa = PBXBuildFile; fileRef = 51E5A9051A7825DB00EEE3BC /* Address.m */; };
		51E5A9281A7825DB00EEE3BC /* App.h in Headers */ = {isa = PBXBuildFile; fileRef = 51E5A9061A7825DB00EEE3BC /* App.h */; };
		51E5A9291A7825DB00EEE3BC /* App.m in Sources */ = {isa = PBXBuildFile; fileRef = 51E5A9071A7825DB00EEE3BC /* App.m */; };
		51E5A92A1A7825DB00EEE3BC /* AuthenticationProvider.h in Headers */ = {isa = PBXBuildFile; fileRef = 51E5A9081A7825DB00EEE3BC /* AuthenticationProvider.h */; };
		51E5A92B1A7825DB00EEE3BC /* AuthenticationProvider.m in Sources */ = {isa = PBXBuildFile; fileRef = 51E5A9091A7825DB00EEE3BC /* AuthenticationProvider.m */; };
		51E5A92C1A7825DB00EEE3BC /* CarState.h in Headers */ = {isa = PBXBuildFile; fileRef = 51E5A90A1A7825DB00EEE3BC /* CarState.h */; };
		51E5A92D1A7825DB00EEE3BC /* CarState.m in Sources */ = {isa = PBXBuildFile; fileRef = 51E5A90B1A7825DB00EEE3BC /* CarState.m */; };
		51E5A92E1A7825DB00EEE3BC /* DiagnosticCodes.h in Headers */ = {isa = PBXBuildFile; fileRef = 51E5A90C1A7825DB00EEE3BC /* DiagnosticCodes.h */; };
		51E5A92F1A7825DB00EEE3BC /* DiagnosticCodes.m in Sources */ = {isa = PBXBuildFile; fileRef = 51E5A90D1A7825DB00EEE3BC /* DiagnosticCodes.m */; };
		51E5A9301A7825DB00EEE3BC /* Entity.h in Headers */ = {isa = PBXBuildFile; fileRef = 51E5A90E1A7825DB00EEE3BC /* Entity.h */; };
		51E5A9311A7825DB00EEE3BC /* Entity.m in Sources */ = {isa = PBXBuildFile; fileRef = 51E5A90F1A7825DB00EEE3BC /* Entity.m */; };
		51E5A9341A7825DB00EEE3BC /* EventBroadcast.h in Headers */ = {isa = PBXBuildFile; fileRef = 51E5A9121A7825DB00EEE3BC /* EventBroadcast.h */; };
		51E5A9351A7825DB00EEE3BC /* EventBroadcast.m in Sources */ = {isa = PBXBuildFile; fileRef = 51E5A9131A7825DB00EEE3BC /* EventBroadcast.m */; };
		51E5A9361A7825DB00EEE3BC /* ImageSize.h in Headers */ = {isa = PBXBuildFile; fileRef = 51E5A9141A7825DB00EEE3BC /* ImageSize.h */; };
		51E5A9371A7825DB00EEE3BC /* ImageSize.m in Sources */ = {isa = PBXBuildFile; fileRef = 51E5A9151A7825DB00EEE3BC /* ImageSize.m */; };
		51E5A9381A7825DB00EEE3BC /* Location.h in Headers */ = {isa = PBXBuildFile; fileRef = 51E5A9161A7825DB00EEE3BC /* Location.h */; };
		51E5A9391A7825DB00EEE3BC /* Location.m in Sources */ = {isa = PBXBuildFile; fileRef = 51E5A9171A7825DB00EEE3BC /* Location.m */; };
		51E5A93A1A7825DB00EEE3BC /* Mojio.h in Headers */ = {isa = PBXBuildFile; fileRef = 51E5A9181A7825DB00EEE3BC /* Mojio.h */; };
		51E5A93B1A7825DB00EEE3BC /* Mojio.m in Sources */ = {isa = PBXBuildFile; fileRef = 51E5A9191A7825DB00EEE3BC /* Mojio.m */; };
		51E5A93C1A7825DB00EEE3BC /* MojioResponse.h in Headers */ = {isa = PBXBuildFile; fileRef = 51E5A91A1A7825DB00EEE3BC /* MojioResponse.h */; };
		51E5A93D1A7825DB00EEE3BC /* MojioResponse.m in Sources */ = {isa = PBXBuildFile; fileRef = 51E5A91B1A7825DB00EEE3BC /* MojioResponse.m */; };
		51E5A93E1A7825DB00EEE3BC /* Register.h in Headers */ = {isa = PBXBuildFile; fileRef = 51E5A91C1A7825DB00EEE3BC /* Register.h */; };
		51E5A93F1A7825DB00EEE3BC /* Register.m in Sources */ = {isa = PBXBuildFile; fileRef = 51E5A91D1A7825DB00EEE3BC /* Register.m */; };
		51E5A9401A7825DB00EEE3BC /* Storage.h in Headers */ = {isa = PBXBuildFile; fileRef = 51E5A91E1A7825DB00EEE3BC /* Storage.h */; };
		51E5A9411A7825DB00EEE3BC /* Storage.m in Sources */ = {isa = PBXBuildFile; fileRef = 51E5A91F1A7825DB00EEE3BC /* Storage.m */; };
		51E5A9421A7825DB00EEE3BC /* Token.h in Headers */ = {isa = PBXBuildFile; fileRef = 51E5A9201A7825DB00EEE3BC /* Token.h */; };
		51E5A9431A7825DB00EEE3BC /* Token.m in Sources */ = {isa = PBXBuildFile; fileRef = 51E5A9211A7825DB00EEE3BC /* Token.m */; };
		51E5A9441A7825DB00EEE3BC /* Vehicle.h in Headers */ = {isa = PBXBuildFile; fileRef = 51E5A9221A7825DB00EEE3BC /* Vehicle.h */; };
		51E5A9451A7825DB00EEE3BC /* Vehicle.m in Sources */ = {isa = PBXBuildFile; fileRef = 51E5A9231A7825DB00EEE3BC /* Vehicle.m */; };
		51E5A9461A7825DB00EEE3BC /* MojioClient.h in Headers */ = {isa = PBXBuildFile; fileRef = 51E5A9241A7825DB00EEE3BC /* MojioClient.h */; };
		51E5A9471A7825DB00EEE3BC /* MojioClient.m in Sources */ = {isa = PBXBuildFile; fileRef = 51E5A9251A7825DB00EEE3BC /* MojioClient.m */; };
		51E5A9671A78279200EEE3BC /* main.m in Sources */ = {isa = PBXBuildFile; fileRef = 51E5A9661A78279200EEE3BC /* main.m */; };
		51E5A96A1A78279200EEE3BC /* AppDelegate.m in Sources */ = {isa = PBXBuildFile; fileRef = 51E5A9691A78279200EEE3BC /* AppDelegate.m */; };
		51E5A96D1A78279200EEE3BC /* ViewController.m in Sources */ = {isa = PBXBuildFile; fileRef = 51E5A96C1A78279200EEE3BC /* ViewController.m */; };
		51E5A9701A78279200EEE3BC /* Main.storyboard in Resources */ = {isa = PBXBuildFile; fileRef = 51E5A96E1A78279200EEE3BC /* Main.storyboard */; };
		51E5A9721A78279200EEE3BC /* Images.xcassets in Resources */ = {isa = PBXBuildFile; fileRef = 51E5A9711A78279200EEE3BC /* Images.xcassets */; };
		51E5A9751A78279200EEE3BC /* LaunchScreen.xib in Resources */ = {isa = PBXBuildFile; fileRef = 51E5A9731A78279200EEE3BC /* LaunchScreen.xib */; };
		51E5A9811A78279200EEE3BC /* MojioSDK_TestAppTests.m in Sources */ = {isa = PBXBuildFile; fileRef = 51E5A9801A78279200EEE3BC /* MojioSDK_TestAppTests.m */; };
		51E5A9881A7827B400EEE3BC /* MojioSDKiOS.framework in Frameworks */ = {isa = PBXBuildFile; fileRef = 51E5A8E71A7825BB00EEE3BC /* MojioSDKiOS.framework */; };
		51E5A9901A786D8000EEE3BC /* Invoice.h in Headers */ = {isa = PBXBuildFile; fileRef = 51E5A98E1A786D8000EEE3BC /* Invoice.h */; };
		51E5A9911A786D8000EEE3BC /* Invoice.m in Sources */ = {isa = PBXBuildFile; fileRef = 51E5A98F1A786D8000EEE3BC /* Invoice.m */; };
		754D65E21A78678A00B58061 /* User.h in Headers */ = {isa = PBXBuildFile; fileRef = 754D65E01A78678A00B58061 /* User.h */; };
		754D65E31A78678A00B58061 /* User.m in Sources */ = {isa = PBXBuildFile; fileRef = 754D65E11A78678A00B58061 /* User.m */; };
		754D65E61A786D7500B58061 /* Product.h in Headers */ = {isa = PBXBuildFile; fileRef = 754D65E41A786D7500B58061 /* Product.h */; };
		754D65E71A786D7500B58061 /* Product.m in Sources */ = {isa = PBXBuildFile; fileRef = 754D65E51A786D7500B58061 /* Product.m */; };
		75516CD21A785F430014D862 /* Trip.h in Headers */ = {isa = PBXBuildFile; fileRef = 75516CD01A785F430014D862 /* Trip.h */; };
		75516CD31A785F430014D862 /* Trip.m in Sources */ = {isa = PBXBuildFile; fileRef = 75516CD11A785F430014D862 /* Trip.m */; };
		756F5F671A7AFA25000C0B38 /* SplashViewController.m in Sources */ = {isa = PBXBuildFile; fileRef = 756F5F661A7AFA25000C0B38 /* SplashViewController.m */; };
		75D60EF01A7829B30095C1A7 /* MojioSDKiOS.framework in Embed Frameworks */ = {isa = PBXBuildFile; fileRef = 51E5A8E71A7825BB00EEE3BC /* MojioSDKiOS.framework */; settings = {ATTRIBUTES = (CodeSignOnCopy, RemoveHeadersOnCopy, ); }; };
		76278F43D7DCE9B31A0F9C57 /* libPods-MojioSDKiOS.a in Frameworks */ = {isa = PBXBuildFile; fileRef = 0F3D3835805D44AEF5D0211E /* libPods-MojioSDKiOS.a */; };
		DA12A7C30ADE8CE5F650BFC7 /* libPods-MojioSDK-TestApp.a in Frameworks */ = {isa = PBXBuildFile; fileRef = 454FE767BD840DAA66BF9A1B /* libPods-MojioSDK-TestApp.a */; };
/* End PBXBuildFile section */

/* Begin PBXContainerItemProxy section */
		51E5A8F41A7825BB00EEE3BC /* PBXContainerItemProxy */ = {
			isa = PBXContainerItemProxy;
			containerPortal = 51E5A8DE1A7825BB00EEE3BC /* Project object */;
			proxyType = 1;
			remoteGlobalIDString = 51E5A8E61A7825BB00EEE3BC;
			remoteInfo = MojioSDKiOS;
		};
		51E5A97B1A78279200EEE3BC /* PBXContainerItemProxy */ = {
			isa = PBXContainerItemProxy;
			containerPortal = 51E5A8DE1A7825BB00EEE3BC /* Project object */;
			proxyType = 1;
			remoteGlobalIDString = 51E5A9611A78279200EEE3BC;
			remoteInfo = "MojioSDK-TestApp";
		};
		75D60EF11A7829B30095C1A7 /* PBXContainerItemProxy */ = {
			isa = PBXContainerItemProxy;
			containerPortal = 51E5A8DE1A7825BB00EEE3BC /* Project object */;
			proxyType = 1;
			remoteGlobalIDString = 51E5A8E61A7825BB00EEE3BC;
			remoteInfo = MojioSDKiOS;
		};
/* End PBXContainerItemProxy section */

/* Begin PBXCopyFilesBuildPhase section */
		75D60EF31A7829B40095C1A7 /* Embed Frameworks */ = {
			isa = PBXCopyFilesBuildPhase;
			buildActionMask = 2147483647;
			dstPath = "";
			dstSubfolderSpec = 10;
			files = (
				75D60EF01A7829B30095C1A7 /* MojioSDKiOS.framework in Embed Frameworks */,
			);
			name = "Embed Frameworks";
			runOnlyForDeploymentPostprocessing = 0;
		};
/* End PBXCopyFilesBuildPhase section */

/* Begin PBXFileReference section */
		0F3D3835805D44AEF5D0211E /* libPods-MojioSDKiOS.a */ = {isa = PBXFileReference; explicitFileType = archive.ar; includeInIndex = 0; path = "libPods-MojioSDKiOS.a"; sourceTree = BUILT_PRODUCTS_DIR; };
		318726FC715DDCBF3672F7B5 /* Pods-MojioSDKiOS.release.xcconfig */ = {isa = PBXFileReference; includeInIndex = 1; lastKnownFileType = text.xcconfig; name = "Pods-MojioSDKiOS.release.xcconfig"; path = "Pods/Target Support Files/Pods-MojioSDKiOS/Pods-MojioSDKiOS.release.xcconfig"; sourceTree = "<group>"; };
		454FE767BD840DAA66BF9A1B /* libPods-MojioSDK-TestApp.a */ = {isa = PBXFileReference; explicitFileType = archive.ar; includeInIndex = 0; path = "libPods-MojioSDK-TestApp.a"; sourceTree = BUILT_PRODUCTS_DIR; };
		4BDA683DFE8D69227F7A2E4C /* Pods-MojioSDKiOS.debug.xcconfig */ = {isa = PBXFileReference; includeInIndex = 1; lastKnownFileType = text.xcconfig; name = "Pods-MojioSDKiOS.debug.xcconfig"; path = "Pods/Target Support Files/Pods-MojioSDKiOS/Pods-MojioSDKiOS.debug.xcconfig"; sourceTree = "<group>"; };
		51E5A8E71A7825BB00EEE3BC /* MojioSDKiOS.framework */ = {isa = PBXFileReference; explicitFileType = wrapper.framework; includeInIndex = 0; path = MojioSDKiOS.framework; sourceTree = BUILT_PRODUCTS_DIR; };
		51E5A8EB1A7825BB00EEE3BC /* Info.plist */ = {isa = PBXFileReference; lastKnownFileType = text.plist.xml; path = Info.plist; sourceTree = "<group>"; };
		51E5A8EC1A7825BB00EEE3BC /* MojioSDKiOS.h */ = {isa = PBXFileReference; lastKnownFileType = sourcecode.c.h; path = MojioSDKiOS.h; sourceTree = "<group>"; };
		51E5A8F21A7825BB00EEE3BC /* MojioSDKiOSTests.xctest */ = {isa = PBXFileReference; explicitFileType = wrapper.cfbundle; includeInIndex = 0; path = MojioSDKiOSTests.xctest; sourceTree = BUILT_PRODUCTS_DIR; };
		51E5A8F81A7825BB00EEE3BC /* Info.plist */ = {isa = PBXFileReference; lastKnownFileType = text.plist.xml; path = Info.plist; sourceTree = "<group>"; };
		51E5A8F91A7825BB00EEE3BC /* MojioSDKiOSTests.m */ = {isa = PBXFileReference; lastKnownFileType = sourcecode.c.objc; path = MojioSDKiOSTests.m; sourceTree = "<group>"; };
		51E5A9041A7825DB00EEE3BC /* Address.h */ = {isa = PBXFileReference; fileEncoding = 4; lastKnownFileType = sourcecode.c.h; path = Address.h; sourceTree = "<group>"; };
		51E5A9051A7825DB00EEE3BC /* Address.m */ = {isa = PBXFileReference; fileEncoding = 4; lastKnownFileType = sourcecode.c.objc; path = Address.m; sourceTree = "<group>"; };
		51E5A9061A7825DB00EEE3BC /* App.h */ = {isa = PBXFileReference; fileEncoding = 4; lastKnownFileType = sourcecode.c.h; path = App.h; sourceTree = "<group>"; };
		51E5A9071A7825DB00EEE3BC /* App.m */ = {isa = PBXFileReference; fileEncoding = 4; lastKnownFileType = sourcecode.c.objc; path = App.m; sourceTree = "<group>"; };
		51E5A9081A7825DB00EEE3BC /* AuthenticationProvider.h */ = {isa = PBXFileReference; fileEncoding = 4; lastKnownFileType = sourcecode.c.h; path = AuthenticationProvider.h; sourceTree = "<group>"; };
		51E5A9091A7825DB00EEE3BC /* AuthenticationProvider.m */ = {isa = PBXFileReference; fileEncoding = 4; lastKnownFileType = sourcecode.c.objc; path = AuthenticationProvider.m; sourceTree = "<group>"; };
		51E5A90A1A7825DB00EEE3BC /* CarState.h */ = {isa = PBXFileReference; fileEncoding = 4; lastKnownFileType = sourcecode.c.h; path = CarState.h; sourceTree = "<group>"; };
		51E5A90B1A7825DB00EEE3BC /* CarState.m */ = {isa = PBXFileReference; fileEncoding = 4; lastKnownFileType = sourcecode.c.objc; path = CarState.m; sourceTree = "<group>"; };
		51E5A90C1A7825DB00EEE3BC /* DiagnosticCodes.h */ = {isa = PBXFileReference; fileEncoding = 4; lastKnownFileType = sourcecode.c.h; path = DiagnosticCodes.h; sourceTree = "<group>"; };
		51E5A90D1A7825DB00EEE3BC /* DiagnosticCodes.m */ = {isa = PBXFileReference; fileEncoding = 4; lastKnownFileType = sourcecode.c.objc; path = DiagnosticCodes.m; sourceTree = "<group>"; };
		51E5A90E1A7825DB00EEE3BC /* Entity.h */ = {isa = PBXFileReference; fileEncoding = 4; lastKnownFileType = sourcecode.c.h; path = Entity.h; sourceTree = "<group>"; };
		51E5A90F1A7825DB00EEE3BC /* Entity.m */ = {isa = PBXFileReference; fileEncoding = 4; lastKnownFileType = sourcecode.c.objc; path = Entity.m; sourceTree = "<group>"; };
		51E5A9121A7825DB00EEE3BC /* EventBroadcast.h */ = {isa = PBXFileReference; fileEncoding = 4; lastKnownFileType = sourcecode.c.h; path = EventBroadcast.h; sourceTree = "<group>"; };
		51E5A9131A7825DB00EEE3BC /* EventBroadcast.m */ = {isa = PBXFileReference; fileEncoding = 4; lastKnownFileType = sourcecode.c.objc; path = EventBroadcast.m; sourceTree = "<group>"; };
		51E5A9141A7825DB00EEE3BC /* ImageSize.h */ = {isa = PBXFileReference; fileEncoding = 4; lastKnownFileType = sourcecode.c.h; path = ImageSize.h; sourceTree = "<group>"; };
		51E5A9151A7825DB00EEE3BC /* ImageSize.m */ = {isa = PBXFileReference; fileEncoding = 4; lastKnownFileType = sourcecode.c.objc; path = ImageSize.m; sourceTree = "<group>"; };
		51E5A9161A7825DB00EEE3BC /* Location.h */ = {isa = PBXFileReference; fileEncoding = 4; lastKnownFileType = sourcecode.c.h; path = Location.h; sourceTree = "<group>"; };
		51E5A9171A7825DB00EEE3BC /* Location.m */ = {isa = PBXFileReference; fileEncoding = 4; lastKnownFileType = sourcecode.c.objc; path = Location.m; sourceTree = "<group>"; };
		51E5A9181A7825DB00EEE3BC /* Mojio.h */ = {isa = PBXFileReference; fileEncoding = 4; lastKnownFileType = sourcecode.c.h; path = Mojio.h; sourceTree = "<group>"; };
		51E5A9191A7825DB00EEE3BC /* Mojio.m */ = {isa = PBXFileReference; fileEncoding = 4; lastKnownFileType = sourcecode.c.objc; path = Mojio.m; sourceTree = "<group>"; };
		51E5A91A1A7825DB00EEE3BC /* MojioResponse.h */ = {isa = PBXFileReference; fileEncoding = 4; lastKnownFileType = sourcecode.c.h; path = MojioResponse.h; sourceTree = "<group>"; };
		51E5A91B1A7825DB00EEE3BC /* MojioResponse.m */ = {isa = PBXFileReference; fileEncoding = 4; lastKnownFileType = sourcecode.c.objc; path = MojioResponse.m; sourceTree = "<group>"; };
		51E5A91C1A7825DB00EEE3BC /* Register.h */ = {isa = PBXFileReference; fileEncoding = 4; lastKnownFileType = sourcecode.c.h; path = Register.h; sourceTree = "<group>"; };
		51E5A91D1A7825DB00EEE3BC /* Register.m */ = {isa = PBXFileReference; fileEncoding = 4; lastKnownFileType = sourcecode.c.objc; path = Register.m; sourceTree = "<group>"; };
		51E5A91E1A7825DB00EEE3BC /* Storage.h */ = {isa = PBXFileReference; fileEncoding = 4; lastKnownFileType = sourcecode.c.h; path = Storage.h; sourceTree = "<group>"; };
		51E5A91F1A7825DB00EEE3BC /* Storage.m */ = {isa = PBXFileReference; fileEncoding = 4; lastKnownFileType = sourcecode.c.objc; path = Storage.m; sourceTree = "<group>"; };
		51E5A9201A7825DB00EEE3BC /* Token.h */ = {isa = PBXFileReference; fileEncoding = 4; lastKnownFileType = sourcecode.c.h; path = Token.h; sourceTree = "<group>"; };
		51E5A9211A7825DB00EEE3BC /* Token.m */ = {isa = PBXFileReference; fileEncoding = 4; lastKnownFileType = sourcecode.c.objc; path = Token.m; sourceTree = "<group>"; };
		51E5A9221A7825DB00EEE3BC /* Vehicle.h */ = {isa = PBXFileReference; fileEncoding = 4; lastKnownFileType = sourcecode.c.h; path = Vehicle.h; sourceTree = "<group>"; };
		51E5A9231A7825DB00EEE3BC /* Vehicle.m */ = {isa = PBXFileReference; fileEncoding = 4; lastKnownFileType = sourcecode.c.objc; path = Vehicle.m; sourceTree = "<group>"; };
		51E5A9241A7825DB00EEE3BC /* MojioClient.h */ = {isa = PBXFileReference; fileEncoding = 4; lastKnownFileType = sourcecode.c.h; path = MojioClient.h; sourceTree = "<group>"; };
		51E5A9251A7825DB00EEE3BC /* MojioClient.m */ = {isa = PBXFileReference; fileEncoding = 4; lastKnownFileType = sourcecode.c.objc; path = MojioClient.m; sourceTree = "<group>"; };
		51E5A9621A78279200EEE3BC /* MojioSDK-TestApp.app */ = {isa = PBXFileReference; explicitFileType = wrapper.application; includeInIndex = 0; path = "MojioSDK-TestApp.app"; sourceTree = BUILT_PRODUCTS_DIR; };
		51E5A9651A78279200EEE3BC /* Info.plist */ = {isa = PBXFileReference; lastKnownFileType = text.plist.xml; path = Info.plist; sourceTree = "<group>"; };
		51E5A9661A78279200EEE3BC /* main.m */ = {isa = PBXFileReference; lastKnownFileType = sourcecode.c.objc; path = main.m; sourceTree = "<group>"; };
		51E5A9681A78279200EEE3BC /* AppDelegate.h */ = {isa = PBXFileReference; lastKnownFileType = sourcecode.c.h; path = AppDelegate.h; sourceTree = "<group>"; };
		51E5A9691A78279200EEE3BC /* AppDelegate.m */ = {isa = PBXFileReference; lastKnownFileType = sourcecode.c.objc; path = AppDelegate.m; sourceTree = "<group>"; };
		51E5A96B1A78279200EEE3BC /* ViewController.h */ = {isa = PBXFileReference; lastKnownFileType = sourcecode.c.h; path = ViewController.h; sourceTree = "<group>"; };
		51E5A96C1A78279200EEE3BC /* ViewController.m */ = {isa = PBXFileReference; lastKnownFileType = sourcecode.c.objc; path = ViewController.m; sourceTree = "<group>"; };
		51E5A96F1A78279200EEE3BC /* Base */ = {isa = PBXFileReference; lastKnownFileType = file.storyboard; name = Base; path = Base.lproj/Main.storyboard; sourceTree = "<group>"; };
		51E5A9711A78279200EEE3BC /* Images.xcassets */ = {isa = PBXFileReference; lastKnownFileType = folder.assetcatalog; path = Images.xcassets; sourceTree = "<group>"; };
		51E5A9741A78279200EEE3BC /* Base */ = {isa = PBXFileReference; lastKnownFileType = file.xib; name = Base; path = Base.lproj/LaunchScreen.xib; sourceTree = "<group>"; };
		51E5A97A1A78279200EEE3BC /* MojioSDK-TestAppTests.xctest */ = {isa = PBXFileReference; explicitFileType = wrapper.cfbundle; includeInIndex = 0; path = "MojioSDK-TestAppTests.xctest"; sourceTree = BUILT_PRODUCTS_DIR; };
		51E5A97F1A78279200EEE3BC /* Info.plist */ = {isa = PBXFileReference; lastKnownFileType = text.plist.xml; path = Info.plist; sourceTree = "<group>"; };
		51E5A9801A78279200EEE3BC /* MojioSDK_TestAppTests.m */ = {isa = PBXFileReference; lastKnownFileType = sourcecode.c.objc; path = MojioSDK_TestAppTests.m; sourceTree = "<group>"; };
		51E5A98E1A786D8000EEE3BC /* Invoice.h */ = {isa = PBXFileReference; fileEncoding = 4; lastKnownFileType = sourcecode.c.h; path = Invoice.h; sourceTree = "<group>"; };
		51E5A98F1A786D8000EEE3BC /* Invoice.m */ = {isa = PBXFileReference; fileEncoding = 4; lastKnownFileType = sourcecode.c.objc; path = Invoice.m; sourceTree = "<group>"; };
		754D65E01A78678A00B58061 /* User.h */ = {isa = PBXFileReference; fileEncoding = 4; lastKnownFileType = sourcecode.c.h; path = User.h; sourceTree = "<group>"; };
		754D65E11A78678A00B58061 /* User.m */ = {isa = PBXFileReference; fileEncoding = 4; lastKnownFileType = sourcecode.c.objc; path = User.m; sourceTree = "<group>"; };
		754D65E41A786D7500B58061 /* Product.h */ = {isa = PBXFileReference; fileEncoding = 4; lastKnownFileType = sourcecode.c.h; path = Product.h; sourceTree = "<group>"; };
		754D65E51A786D7500B58061 /* Product.m */ = {isa = PBXFileReference; fileEncoding = 4; lastKnownFileType = sourcecode.c.objc; path = Product.m; sourceTree = "<group>"; };
		75516CD01A785F430014D862 /* Trip.h */ = {isa = PBXFileReference; fileEncoding = 4; lastKnownFileType = sourcecode.c.h; path = Trip.h; sourceTree = "<group>"; };
		75516CD11A785F430014D862 /* Trip.m */ = {isa = PBXFileReference; fileEncoding = 4; lastKnownFileType = sourcecode.c.objc; path = Trip.m; sourceTree = "<group>"; };
		756F5F651A7AFA25000C0B38 /* SplashViewController.h */ = {isa = PBXFileReference; fileEncoding = 4; lastKnownFileType = sourcecode.c.h; path = SplashViewController.h; sourceTree = "<group>"; };
		756F5F661A7AFA25000C0B38 /* SplashViewController.m */ = {isa = PBXFileReference; fileEncoding = 4; lastKnownFileType = sourcecode.c.objc; path = SplashViewController.m; sourceTree = "<group>"; };
		C7EAEEC56F2AB063E28A0912 /* Pods-MojioSDK-TestApp.debug.xcconfig */ = {isa = PBXFileReference; includeInIndex = 1; lastKnownFileType = text.xcconfig; name = "Pods-MojioSDK-TestApp.debug.xcconfig"; path = "Pods/Target Support Files/Pods-MojioSDK-TestApp/Pods-MojioSDK-TestApp.debug.xcconfig"; sourceTree = "<group>"; };
		D02ADFB11306EE760143103C /* Pods-MojioSDK-TestApp.release.xcconfig */ = {isa = PBXFileReference; includeInIndex = 1; lastKnownFileType = text.xcconfig; name = "Pods-MojioSDK-TestApp.release.xcconfig"; path = "Pods/Target Support Files/Pods-MojioSDK-TestApp/Pods-MojioSDK-TestApp.release.xcconfig"; sourceTree = "<group>"; };
/* End PBXFileReference section */

/* Begin PBXFrameworksBuildPhase section */
		51E5A8E31A7825BB00EEE3BC /* Frameworks */ = {
			isa = PBXFrameworksBuildPhase;
			buildActionMask = 2147483647;
			files = (
				76278F43D7DCE9B31A0F9C57 /* libPods-MojioSDKiOS.a in Frameworks */,
			);
			runOnlyForDeploymentPostprocessing = 0;
		};
		51E5A8EF1A7825BB00EEE3BC /* Frameworks */ = {
			isa = PBXFrameworksBuildPhase;
			buildActionMask = 2147483647;
			files = (
				51E5A8F31A7825BB00EEE3BC /* MojioSDKiOS.framework in Frameworks */,
			);
			runOnlyForDeploymentPostprocessing = 0;
		};
		51E5A95F1A78279200EEE3BC /* Frameworks */ = {
			isa = PBXFrameworksBuildPhase;
			buildActionMask = 2147483647;
			files = (
				51E5A9881A7827B400EEE3BC /* MojioSDKiOS.framework in Frameworks */,
				DA12A7C30ADE8CE5F650BFC7 /* libPods-MojioSDK-TestApp.a in Frameworks */,
			);
			runOnlyForDeploymentPostprocessing = 0;
		};
		51E5A9771A78279200EEE3BC /* Frameworks */ = {
			isa = PBXFrameworksBuildPhase;
			buildActionMask = 2147483647;
			files = (
			);
			runOnlyForDeploymentPostprocessing = 0;
		};
/* End PBXFrameworksBuildPhase section */

/* Begin PBXGroup section */
		3396F2C9FF9050CDB67615FD /* Frameworks */ = {
			isa = PBXGroup;
			children = (
				454FE767BD840DAA66BF9A1B /* libPods-MojioSDK-TestApp.a */,
				0F3D3835805D44AEF5D0211E /* libPods-MojioSDKiOS.a */,
			);
			name = Frameworks;
			sourceTree = "<group>";
		};
		51E5A8DD1A7825BB00EEE3BC = {
			isa = PBXGroup;
			children = (
				51E5A8E91A7825BB00EEE3BC /* MojioSDKiOS */,
				51E5A8F61A7825BB00EEE3BC /* MojioSDKiOSTests */,
				51E5A9631A78279200EEE3BC /* MojioSDK-TestApp */,
				51E5A97D1A78279200EEE3BC /* MojioSDK-TestAppTests */,
				51E5A8E81A7825BB00EEE3BC /* Products */,
				3396F2C9FF9050CDB67615FD /* Frameworks */,
				FC10DAE7C215945614A7D3B6 /* Pods */,
			);
			sourceTree = "<group>";
		};
		51E5A8E81A7825BB00EEE3BC /* Products */ = {
			isa = PBXGroup;
			children = (
				51E5A8E71A7825BB00EEE3BC /* MojioSDKiOS.framework */,
				51E5A8F21A7825BB00EEE3BC /* MojioSDKiOSTests.xctest */,
				51E5A9621A78279200EEE3BC /* MojioSDK-TestApp.app */,
				51E5A97A1A78279200EEE3BC /* MojioSDK-TestAppTests.xctest */,
			);
			name = Products;
			sourceTree = "<group>";
		};
		51E5A8E91A7825BB00EEE3BC /* MojioSDKiOS */ = {
			isa = PBXGroup;
			children = (
				51E5A9031A7825DB00EEE3BC /* Models */,
				51E5A9241A7825DB00EEE3BC /* MojioClient.h */,
				51E5A9251A7825DB00EEE3BC /* MojioClient.m */,
				51E5A8EC1A7825BB00EEE3BC /* MojioSDKiOS.h */,
				51E5A8EA1A7825BB00EEE3BC /* Supporting Files */,
			);
			path = MojioSDKiOS;
			sourceTree = "<group>";
		};
		51E5A8EA1A7825BB00EEE3BC /* Supporting Files */ = {
			isa = PBXGroup;
			children = (
				51E5A8EB1A7825BB00EEE3BC /* Info.plist */,
			);
			name = "Supporting Files";
			sourceTree = "<group>";
		};
		51E5A8F61A7825BB00EEE3BC /* MojioSDKiOSTests */ = {
			isa = PBXGroup;
			children = (
				51E5A8F91A7825BB00EEE3BC /* MojioSDKiOSTests.m */,
				51E5A8F71A7825BB00EEE3BC /* Supporting Files */,
			);
			path = MojioSDKiOSTests;
			sourceTree = "<group>";
		};
		51E5A8F71A7825BB00EEE3BC /* Supporting Files */ = {
			isa = PBXGroup;
			children = (
				51E5A8F81A7825BB00EEE3BC /* Info.plist */,
			);
			name = "Supporting Files";
			sourceTree = "<group>";
		};
		51E5A9031A7825DB00EEE3BC /* Models */ = {
			isa = PBXGroup;
			children = (
				51E5A9041A7825DB00EEE3BC /* Address.h */,
				51E5A9051A7825DB00EEE3BC /* Address.m */,
				51E5A9061A7825DB00EEE3BC /* App.h */,
				51E5A9071A7825DB00EEE3BC /* App.m */,
				51E5A9081A7825DB00EEE3BC /* AuthenticationProvider.h */,
				51E5A9091A7825DB00EEE3BC /* AuthenticationProvider.m */,
				51E5A90A1A7825DB00EEE3BC /* CarState.h */,
				51E5A90B1A7825DB00EEE3BC /* CarState.m */,
				51E5A90C1A7825DB00EEE3BC /* DiagnosticCodes.h */,
				51E5A90D1A7825DB00EEE3BC /* DiagnosticCodes.m */,
				51E5A90E1A7825DB00EEE3BC /* Entity.h */,
				51E5A90F1A7825DB00EEE3BC /* Entity.m */,
				51E5A9121A7825DB00EEE3BC /* EventBroadcast.h */,
				51E5A9131A7825DB00EEE3BC /* EventBroadcast.m */,
				51E5A9141A7825DB00EEE3BC /* ImageSize.h */,
				51E5A9151A7825DB00EEE3BC /* ImageSize.m */,
				51E5A9161A7825DB00EEE3BC /* Location.h */,
				51E5A9171A7825DB00EEE3BC /* Location.m */,
				51E5A9181A7825DB00EEE3BC /* Mojio.h */,
				51E5A9191A7825DB00EEE3BC /* Mojio.m */,
				51E5A91A1A7825DB00EEE3BC /* MojioResponse.h */,
				51E5A91B1A7825DB00EEE3BC /* MojioResponse.m */,
				51E5A91C1A7825DB00EEE3BC /* Register.h */,
				51E5A91D1A7825DB00EEE3BC /* Register.m */,
				51E5A91E1A7825DB00EEE3BC /* Storage.h */,
				51E5A91F1A7825DB00EEE3BC /* Storage.m */,
				51E5A9201A7825DB00EEE3BC /* Token.h */,
				51E5A9211A7825DB00EEE3BC /* Token.m */,
				51E5A9221A7825DB00EEE3BC /* Vehicle.h */,
				51E5A9231A7825DB00EEE3BC /* Vehicle.m */,
				75516CD01A785F430014D862 /* Trip.h */,
				75516CD11A785F430014D862 /* Trip.m */,
				754D65E01A78678A00B58061 /* User.h */,
				754D65E11A78678A00B58061 /* User.m */,
				754D65E41A786D7500B58061 /* Product.h */,
				754D65E51A786D7500B58061 /* Product.m */,
				51E5A98E1A786D8000EEE3BC /* Invoice.h */,
				51E5A98F1A786D8000EEE3BC /* Invoice.m */,
			);
			path = Models;
			sourceTree = "<group>";
		};
		51E5A9631A78279200EEE3BC /* MojioSDK-TestApp */ = {
			isa = PBXGroup;
			children = (
				51E5A9681A78279200EEE3BC /* AppDelegate.h */,
				51E5A9691A78279200EEE3BC /* AppDelegate.m */,
				51E5A96B1A78279200EEE3BC /* ViewController.h */,
				51E5A96C1A78279200EEE3BC /* ViewController.m */,
				756F5F651A7AFA25000C0B38 /* SplashViewController.h */,
				756F5F661A7AFA25000C0B38 /* SplashViewController.m */,
				51E5A96E1A78279200EEE3BC /* Main.storyboard */,
				51E5A9711A78279200EEE3BC /* Images.xcassets */,
				51E5A9731A78279200EEE3BC /* LaunchScreen.xib */,
				51E5A9641A78279200EEE3BC /* Supporting Files */,
			);
			path = "MojioSDK-TestApp";
			sourceTree = "<group>";
		};
		51E5A9641A78279200EEE3BC /* Supporting Files */ = {
			isa = PBXGroup;
			children = (
				51E5A9651A78279200EEE3BC /* Info.plist */,
				51E5A9661A78279200EEE3BC /* main.m */,
			);
			name = "Supporting Files";
			sourceTree = "<group>";
		};
		51E5A97D1A78279200EEE3BC /* MojioSDK-TestAppTests */ = {
			isa = PBXGroup;
			children = (
				51E5A9801A78279200EEE3BC /* MojioSDK_TestAppTests.m */,
				51E5A97E1A78279200EEE3BC /* Supporting Files */,
			);
			path = "MojioSDK-TestAppTests";
			sourceTree = "<group>";
		};
		51E5A97E1A78279200EEE3BC /* Supporting Files */ = {
			isa = PBXGroup;
			children = (
				51E5A97F1A78279200EEE3BC /* Info.plist */,
			);
			name = "Supporting Files";
			sourceTree = "<group>";
		};
		FC10DAE7C215945614A7D3B6 /* Pods */ = {
			isa = PBXGroup;
			children = (
				C7EAEEC56F2AB063E28A0912 /* Pods-MojioSDK-TestApp.debug.xcconfig */,
				D02ADFB11306EE760143103C /* Pods-MojioSDK-TestApp.release.xcconfig */,
				4BDA683DFE8D69227F7A2E4C /* Pods-MojioSDKiOS.debug.xcconfig */,
				318726FC715DDCBF3672F7B5 /* Pods-MojioSDKiOS.release.xcconfig */,
			);
			name = Pods;
			sourceTree = "<group>";
		};
/* End PBXGroup section */

/* Begin PBXHeadersBuildPhase section */
		51E5A8E41A7825BB00EEE3BC /* Headers */ = {
			isa = PBXHeadersBuildPhase;
			buildActionMask = 2147483647;
			files = (
				51E5A9461A7825DB00EEE3BC /* MojioClient.h in Headers */,
				51E5A9441A7825DB00EEE3BC /* Vehicle.h in Headers */,
				51E5A92E1A7825DB00EEE3BC /* DiagnosticCodes.h in Headers */,
				51E5A93C1A7825DB00EEE3BC /* MojioResponse.h in Headers */,
				51E5A9401A7825DB00EEE3BC /* Storage.h in Headers */,
				51E5A9361A7825DB00EEE3BC /* ImageSize.h in Headers */,
				51E5A9281A7825DB00EEE3BC /* App.h in Headers */,
				51E5A93E1A7825DB00EEE3BC /* Register.h in Headers */,
				51E5A92A1A7825DB00EEE3BC /* AuthenticationProvider.h in Headers */,
				51E5A9381A7825DB00EEE3BC /* Location.h in Headers */,
				754D65E21A78678A00B58061 /* User.h in Headers */,
				51E5A93A1A7825DB00EEE3BC /* Mojio.h in Headers */,
				51E5A9901A786D8000EEE3BC /* Invoice.h in Headers */,
				51E5A9301A7825DB00EEE3BC /* Entity.h in Headers */,
				51E5A92C1A7825DB00EEE3BC /* CarState.h in Headers */,
				51E5A8ED1A7825BB00EEE3BC /* MojioSDKiOS.h in Headers */,
				51E5A9261A7825DB00EEE3BC /* Address.h in Headers */,
				51E5A9421A7825DB00EEE3BC /* Token.h in Headers */,
				754D65E61A786D7500B58061 /* Product.h in Headers */,
				75516CD21A785F430014D862 /* Trip.h in Headers */,
				51E5A9341A7825DB00EEE3BC /* EventBroadcast.h in Headers */,
			);
			runOnlyForDeploymentPostprocessing = 0;
		};
/* End PBXHeadersBuildPhase section */

/* Begin PBXNativeTarget section */
		51E5A8E61A7825BB00EEE3BC /* MojioSDKiOS */ = {
			isa = PBXNativeTarget;
			buildConfigurationList = 51E5A8FD1A7825BB00EEE3BC /* Build configuration list for PBXNativeTarget "MojioSDKiOS" */;
			buildPhases = (
				4FF1020D91D9C754AE2C29C5 /* Check Pods Manifest.lock */,
				51E5A8E21A7825BB00EEE3BC /* Sources */,
				51E5A8E31A7825BB00EEE3BC /* Frameworks */,
				51E5A8E41A7825BB00EEE3BC /* Headers */,
				51E5A8E51A7825BB00EEE3BC /* Resources */,
				DF8AE02EF8CD608BB6A77CE1 /* Copy Pods Resources */,
			);
			buildRules = (
			);
			dependencies = (
			);
			name = MojioSDKiOS;
			productName = MojioSDKiOS;
			productReference = 51E5A8E71A7825BB00EEE3BC /* MojioSDKiOS.framework */;
			productType = "com.apple.product-type.framework";
		};
		51E5A8F11A7825BB00EEE3BC /* MojioSDKiOSTests */ = {
			isa = PBXNativeTarget;
			buildConfigurationList = 51E5A9001A7825BB00EEE3BC /* Build configuration list for PBXNativeTarget "MojioSDKiOSTests" */;
			buildPhases = (
				51E5A8EE1A7825BB00EEE3BC /* Sources */,
				51E5A8EF1A7825BB00EEE3BC /* Frameworks */,
				51E5A8F01A7825BB00EEE3BC /* Resources */,
			);
			buildRules = (
			);
			dependencies = (
				51E5A8F51A7825BB00EEE3BC /* PBXTargetDependency */,
			);
			name = MojioSDKiOSTests;
			productName = MojioSDKiOSTests;
			productReference = 51E5A8F21A7825BB00EEE3BC /* MojioSDKiOSTests.xctest */;
			productType = "com.apple.product-type.bundle.unit-test";
		};
		51E5A9611A78279200EEE3BC /* MojioSDK-TestApp */ = {
			isa = PBXNativeTarget;
			buildConfigurationList = 51E5A9861A78279200EEE3BC /* Build configuration list for PBXNativeTarget "MojioSDK-TestApp" */;
			buildPhases = (
				A1E520D52EF0CB81B0F014E3 /* Check Pods Manifest.lock */,
				51E5A95E1A78279200EEE3BC /* Sources */,
				51E5A95F1A78279200EEE3BC /* Frameworks */,
				51E5A9601A78279200EEE3BC /* Resources */,
				75D60EF31A7829B40095C1A7 /* Embed Frameworks */,
				5B72EDEA91D4AAC6C0F4804D /* Copy Pods Resources */,
			);
			buildRules = (
			);
			dependencies = (
				75D60EF21A7829B30095C1A7 /* PBXTargetDependency */,
			);
			name = "MojioSDK-TestApp";
			productName = "MojioSDK-TestApp";
			productReference = 51E5A9621A78279200EEE3BC /* MojioSDK-TestApp.app */;
			productType = "com.apple.product-type.application";
		};
		51E5A9791A78279200EEE3BC /* MojioSDK-TestAppTests */ = {
			isa = PBXNativeTarget;
			buildConfigurationList = 51E5A9871A78279200EEE3BC /* Build configuration list for PBXNativeTarget "MojioSDK-TestAppTests" */;
			buildPhases = (
				51E5A9761A78279200EEE3BC /* Sources */,
				51E5A9771A78279200EEE3BC /* Frameworks */,
				51E5A9781A78279200EEE3BC /* Resources */,
			);
			buildRules = (
			);
			dependencies = (
				51E5A97C1A78279200EEE3BC /* PBXTargetDependency */,
			);
			name = "MojioSDK-TestAppTests";
			productName = "MojioSDK-TestAppTests";
			productReference = 51E5A97A1A78279200EEE3BC /* MojioSDK-TestAppTests.xctest */;
			productType = "com.apple.product-type.bundle.unit-test";
		};
/* End PBXNativeTarget section */

/* Begin PBXProject section */
		51E5A8DE1A7825BB00EEE3BC /* Project object */ = {
			isa = PBXProject;
			attributes = {
				LastUpgradeCheck = 0610;
				ORGANIZATIONNAME = Mojio;
				TargetAttributes = {
					51E5A8E61A7825BB00EEE3BC = {
						CreatedOnToolsVersion = 6.1.1;
					};
					51E5A8F11A7825BB00EEE3BC = {
						CreatedOnToolsVersion = 6.1.1;
					};
					51E5A9611A78279200EEE3BC = {
						CreatedOnToolsVersion = 6.1.1;
					};
					51E5A9791A78279200EEE3BC = {
						CreatedOnToolsVersion = 6.1.1;
						TestTargetID = 51E5A9611A78279200EEE3BC;
					};
				};
			};
			buildConfigurationList = 51E5A8E11A7825BB00EEE3BC /* Build configuration list for PBXProject "MojioSDKiOS" */;
			compatibilityVersion = "Xcode 3.2";
			developmentRegion = English;
			hasScannedForEncodings = 0;
			knownRegions = (
				en,
				Base,
			);
			mainGroup = 51E5A8DD1A7825BB00EEE3BC;
			productRefGroup = 51E5A8E81A7825BB00EEE3BC /* Products */;
			projectDirPath = "";
			projectRoot = "";
			targets = (
				51E5A8E61A7825BB00EEE3BC /* MojioSDKiOS */,
				51E5A8F11A7825BB00EEE3BC /* MojioSDKiOSTests */,
				51E5A9611A78279200EEE3BC /* MojioSDK-TestApp */,
				51E5A9791A78279200EEE3BC /* MojioSDK-TestAppTests */,
			);
		};
/* End PBXProject section */

/* Begin PBXResourcesBuildPhase section */
		51E5A8E51A7825BB00EEE3BC /* Resources */ = {
			isa = PBXResourcesBuildPhase;
			buildActionMask = 2147483647;
			files = (
			);
			runOnlyForDeploymentPostprocessing = 0;
		};
		51E5A8F01A7825BB00EEE3BC /* Resources */ = {
			isa = PBXResourcesBuildPhase;
			buildActionMask = 2147483647;
			files = (
			);
			runOnlyForDeploymentPostprocessing = 0;
		};
		51E5A9601A78279200EEE3BC /* Resources */ = {
			isa = PBXResourcesBuildPhase;
			buildActionMask = 2147483647;
			files = (
				51E5A9701A78279200EEE3BC /* Main.storyboard in Resources */,
				51E5A9751A78279200EEE3BC /* LaunchScreen.xib in Resources */,
				51E5A9721A78279200EEE3BC /* Images.xcassets in Resources */,
			);
			runOnlyForDeploymentPostprocessing = 0;
		};
		51E5A9781A78279200EEE3BC /* Resources */ = {
			isa = PBXResourcesBuildPhase;
			buildActionMask = 2147483647;
			files = (
			);
			runOnlyForDeploymentPostprocessing = 0;
		};
/* End PBXResourcesBuildPhase section */

/* Begin PBXShellScriptBuildPhase section */
		4FF1020D91D9C754AE2C29C5 /* Check Pods Manifest.lock */ = {
			isa = PBXShellScriptBuildPhase;
			buildActionMask = 2147483647;
			files = (
			);
			inputPaths = (
			);
			name = "Check Pods Manifest.lock";
			outputPaths = (
			);
			runOnlyForDeploymentPostprocessing = 0;
			shellPath = /bin/sh;
			shellScript = "diff \"${PODS_ROOT}/../Podfile.lock\" \"${PODS_ROOT}/Manifest.lock\" > /dev/null\nif [[ $? != 0 ]] ; then\n    cat << EOM\nerror: The sandbox is not in sync with the Podfile.lock. Run 'pod install' or update your CocoaPods installation.\nEOM\n    exit 1\nfi\n";
			showEnvVarsInLog = 0;
		};
		5B72EDEA91D4AAC6C0F4804D /* Copy Pods Resources */ = {
			isa = PBXShellScriptBuildPhase;
			buildActionMask = 2147483647;
			files = (
			);
			inputPaths = (
			);
			name = "Copy Pods Resources";
			outputPaths = (
			);
			runOnlyForDeploymentPostprocessing = 0;
			shellPath = /bin/sh;
			shellScript = "\"${SRCROOT}/Pods/Target Support Files/Pods-MojioSDK-TestApp/Pods-MojioSDK-TestApp-resources.sh\"\n";
			showEnvVarsInLog = 0;
		};
		A1E520D52EF0CB81B0F014E3 /* Check Pods Manifest.lock */ = {
			isa = PBXShellScriptBuildPhase;
			buildActionMask = 2147483647;
			files = (
			);
			inputPaths = (
			);
			name = "Check Pods Manifest.lock";
			outputPaths = (
			);
			runOnlyForDeploymentPostprocessing = 0;
			shellPath = /bin/sh;
			shellScript = "diff \"${PODS_ROOT}/../Podfile.lock\" \"${PODS_ROOT}/Manifest.lock\" > /dev/null\nif [[ $? != 0 ]] ; then\n    cat << EOM\nerror: The sandbox is not in sync with the Podfile.lock. Run 'pod install' or update your CocoaPods installation.\nEOM\n    exit 1\nfi\n";
			showEnvVarsInLog = 0;
		};
		DF8AE02EF8CD608BB6A77CE1 /* Copy Pods Resources */ = {
			isa = PBXShellScriptBuildPhase;
			buildActionMask = 2147483647;
			files = (
			);
			inputPaths = (
			);
			name = "Copy Pods Resources";
			outputPaths = (
			);
			runOnlyForDeploymentPostprocessing = 0;
			shellPath = /bin/sh;
			shellScript = "\"${SRCROOT}/Pods/Target Support Files/Pods-MojioSDKiOS/Pods-MojioSDKiOS-resources.sh\"\n";
			showEnvVarsInLog = 0;
		};
/* End PBXShellScriptBuildPhase section */

/* Begin PBXSourcesBuildPhase section */
		51E5A8E21A7825BB00EEE3BC /* Sources */ = {
			isa = PBXSourcesBuildPhase;
			buildActionMask = 2147483647;
			files = (
				51E5A9351A7825DB00EEE3BC /* EventBroadcast.m in Sources */,
				754D65E71A786D7500B58061 /* Product.m in Sources */,
				51E5A9311A7825DB00EEE3BC /* Entity.m in Sources */,
				754D65E31A78678A00B58061 /* User.m in Sources */,
				51E5A9911A786D8000EEE3BC /* Invoice.m in Sources */,
				51E5A92D1A7825DB00EEE3BC /* CarState.m in Sources */,
				51E5A9271A7825DB00EEE3BC /* Address.m in Sources */,
				51E5A9451A7825DB00EEE3BC /* Vehicle.m in Sources */,
				51E5A92F1A7825DB00EEE3BC /* DiagnosticCodes.m in Sources */,
				51E5A9291A7825DB00EEE3BC /* App.m in Sources */,
				51E5A9431A7825DB00EEE3BC /* Token.m in Sources */,
				75516CD31A785F430014D862 /* Trip.m in Sources */,
				51E5A9471A7825DB00EEE3BC /* MojioClient.m in Sources */,
				51E5A9391A7825DB00EEE3BC /* Location.m in Sources */,
				51E5A9371A7825DB00EEE3BC /* ImageSize.m in Sources */,
				51E5A92B1A7825DB00EEE3BC /* AuthenticationProvider.m in Sources */,
				51E5A93B1A7825DB00EEE3BC /* Mojio.m in Sources */,
				51E5A93F1A7825DB00EEE3BC /* Register.m in Sources */,
				51E5A93D1A7825DB00EEE3BC /* MojioResponse.m in Sources */,
				51E5A9411A7825DB00EEE3BC /* Storage.m in Sources */,
			);
			runOnlyForDeploymentPostprocessing = 0;
		};
		51E5A8EE1A7825BB00EEE3BC /* Sources */ = {
			isa = PBXSourcesBuildPhase;
			buildActionMask = 2147483647;
			files = (
				51E5A8FA1A7825BB00EEE3BC /* MojioSDKiOSTests.m in Sources */,
			);
			runOnlyForDeploymentPostprocessing = 0;
		};
		51E5A95E1A78279200EEE3BC /* Sources */ = {
			isa = PBXSourcesBuildPhase;
			buildActionMask = 2147483647;
			files = (
				51E5A96D1A78279200EEE3BC /* ViewController.m in Sources */,
				51E5A96A1A78279200EEE3BC /* AppDelegate.m in Sources */,
				51E5A9671A78279200EEE3BC /* main.m in Sources */,
				756F5F671A7AFA25000C0B38 /* SplashViewController.m in Sources */,
			);
			runOnlyForDeploymentPostprocessing = 0;
		};
		51E5A9761A78279200EEE3BC /* Sources */ = {
			isa = PBXSourcesBuildPhase;
			buildActionMask = 2147483647;
			files = (
				51E5A9811A78279200EEE3BC /* MojioSDK_TestAppTests.m in Sources */,
			);
			runOnlyForDeploymentPostprocessing = 0;
		};
/* End PBXSourcesBuildPhase section */

/* Begin PBXTargetDependency section */
		51E5A8F51A7825BB00EEE3BC /* PBXTargetDependency */ = {
			isa = PBXTargetDependency;
			target = 51E5A8E61A7825BB00EEE3BC /* MojioSDKiOS */;
			targetProxy = 51E5A8F41A7825BB00EEE3BC /* PBXContainerItemProxy */;
		};
		51E5A97C1A78279200EEE3BC /* PBXTargetDependency */ = {
			isa = PBXTargetDependency;
			target = 51E5A9611A78279200EEE3BC /* MojioSDK-TestApp */;
			targetProxy = 51E5A97B1A78279200EEE3BC /* PBXContainerItemProxy */;
		};
		75D60EF21A7829B30095C1A7 /* PBXTargetDependency */ = {
			isa = PBXTargetDependency;
			target = 51E5A8E61A7825BB00EEE3BC /* MojioSDKiOS */;
			targetProxy = 75D60EF11A7829B30095C1A7 /* PBXContainerItemProxy */;
		};
/* End PBXTargetDependency section */

/* Begin PBXVariantGroup section */
		51E5A96E1A78279200EEE3BC /* Main.storyboard */ = {
			isa = PBXVariantGroup;
			children = (
				51E5A96F1A78279200EEE3BC /* Base */,
			);
			name = Main.storyboard;
			sourceTree = "<group>";
		};
		51E5A9731A78279200EEE3BC /* LaunchScreen.xib */ = {
			isa = PBXVariantGroup;
			children = (
				51E5A9741A78279200EEE3BC /* Base */,
			);
			name = LaunchScreen.xib;
			sourceTree = "<group>";
		};
/* End PBXVariantGroup section */

/* Begin XCBuildConfiguration section */
		51E5A8FB1A7825BB00EEE3BC /* Debug */ = {
			isa = XCBuildConfiguration;
			buildSettings = {
				ALWAYS_SEARCH_USER_PATHS = NO;
				CLANG_CXX_LANGUAGE_STANDARD = "gnu++0x";
				CLANG_CXX_LIBRARY = "libc++";
				CLANG_ENABLE_MODULES = YES;
				CLANG_ENABLE_OBJC_ARC = YES;
				CLANG_WARN_BOOL_CONVERSION = YES;
				CLANG_WARN_CONSTANT_CONVERSION = YES;
				CLANG_WARN_DIRECT_OBJC_ISA_USAGE = YES_ERROR;
				CLANG_WARN_EMPTY_BODY = YES;
				CLANG_WARN_ENUM_CONVERSION = YES;
				CLANG_WARN_INT_CONVERSION = YES;
				CLANG_WARN_OBJC_ROOT_CLASS = YES_ERROR;
				CLANG_WARN_UNREACHABLE_CODE = YES;
				CLANG_WARN__DUPLICATE_METHOD_MATCH = YES;
				"CODE_SIGN_IDENTITY[sdk=iphoneos*]" = "iPhone Developer";
				COPY_PHASE_STRIP = NO;
				CURRENT_PROJECT_VERSION = 1;
				ENABLE_STRICT_OBJC_MSGSEND = YES;
				GCC_C_LANGUAGE_STANDARD = gnu99;
				GCC_DYNAMIC_NO_PIC = NO;
				GCC_OPTIMIZATION_LEVEL = 0;
				GCC_PREPROCESSOR_DEFINITIONS = (
					"DEBUG=1",
					"$(inherited)",
				);
				GCC_SYMBOLS_PRIVATE_EXTERN = NO;
				GCC_WARN_64_TO_32_BIT_CONVERSION = YES;
				GCC_WARN_ABOUT_RETURN_TYPE = YES_ERROR;
				GCC_WARN_UNDECLARED_SELECTOR = YES;
				GCC_WARN_UNINITIALIZED_AUTOS = YES_AGGRESSIVE;
				GCC_WARN_UNUSED_FUNCTION = YES;
				GCC_WARN_UNUSED_VARIABLE = YES;
				IPHONEOS_DEPLOYMENT_TARGET = 8.1;
				MTL_ENABLE_DEBUG_INFO = YES;
				ONLY_ACTIVE_ARCH = YES;
				SDKROOT = iphoneos;
				TARGETED_DEVICE_FAMILY = "1,2";
				VERSIONING_SYSTEM = "apple-generic";
				VERSION_INFO_PREFIX = "";
			};
			name = Debug;
		};
		51E5A8FC1A7825BB00EEE3BC /* Release */ = {
			isa = XCBuildConfiguration;
			buildSettings = {
				ALWAYS_SEARCH_USER_PATHS = NO;
				CLANG_CXX_LANGUAGE_STANDARD = "gnu++0x";
				CLANG_CXX_LIBRARY = "libc++";
				CLANG_ENABLE_MODULES = YES;
				CLANG_ENABLE_OBJC_ARC = YES;
				CLANG_WARN_BOOL_CONVERSION = YES;
				CLANG_WARN_CONSTANT_CONVERSION = YES;
				CLANG_WARN_DIRECT_OBJC_ISA_USAGE = YES_ERROR;
				CLANG_WARN_EMPTY_BODY = YES;
				CLANG_WARN_ENUM_CONVERSION = YES;
				CLANG_WARN_INT_CONVERSION = YES;
				CLANG_WARN_OBJC_ROOT_CLASS = YES_ERROR;
				CLANG_WARN_UNREACHABLE_CODE = YES;
				CLANG_WARN__DUPLICATE_METHOD_MATCH = YES;
				"CODE_SIGN_IDENTITY[sdk=iphoneos*]" = "iPhone Developer";
				COPY_PHASE_STRIP = YES;
				CURRENT_PROJECT_VERSION = 1;
				ENABLE_NS_ASSERTIONS = NO;
				ENABLE_STRICT_OBJC_MSGSEND = YES;
				GCC_C_LANGUAGE_STANDARD = gnu99;
				GCC_WARN_64_TO_32_BIT_CONVERSION = YES;
				GCC_WARN_ABOUT_RETURN_TYPE = YES_ERROR;
				GCC_WARN_UNDECLARED_SELECTOR = YES;
				GCC_WARN_UNINITIALIZED_AUTOS = YES_AGGRESSIVE;
				GCC_WARN_UNUSED_FUNCTION = YES;
				GCC_WARN_UNUSED_VARIABLE = YES;
				IPHONEOS_DEPLOYMENT_TARGET = 8.1;
				MTL_ENABLE_DEBUG_INFO = NO;
				SDKROOT = iphoneos;
				TARGETED_DEVICE_FAMILY = "1,2";
				VALIDATE_PRODUCT = YES;
				VERSIONING_SYSTEM = "apple-generic";
				VERSION_INFO_PREFIX = "";
			};
			name = Release;
		};
		51E5A8FE1A7825BB00EEE3BC /* Debug */ = {
			isa = XCBuildConfiguration;
			baseConfigurationReference = 4BDA683DFE8D69227F7A2E4C /* Pods-MojioSDKiOS.debug.xcconfig */;
			buildSettings = {
				DEFINES_MODULE = YES;
				DYLIB_COMPATIBILITY_VERSION = 1;
				DYLIB_CURRENT_VERSION = 1;
				DYLIB_INSTALL_NAME_BASE = "@rpath";
				INFOPLIST_FILE = MojioSDKiOS/Info.plist;
				INSTALL_PATH = "$(LOCAL_LIBRARY_DIR)/Frameworks";
				LD_RUNPATH_SEARCH_PATHS = "$(inherited) @executable_path/Frameworks @loader_path/Frameworks";
				PRODUCT_NAME = "$(TARGET_NAME)";
				SKIP_INSTALL = YES;
			};
			name = Debug;
		};
		51E5A8FF1A7825BB00EEE3BC /* Release */ = {
			isa = XCBuildConfiguration;
			baseConfigurationReference = 318726FC715DDCBF3672F7B5 /* Pods-MojioSDKiOS.release.xcconfig */;
			buildSettings = {
				DEFINES_MODULE = YES;
				DYLIB_COMPATIBILITY_VERSION = 1;
				DYLIB_CURRENT_VERSION = 1;
				DYLIB_INSTALL_NAME_BASE = "@rpath";
				INFOPLIST_FILE = MojioSDKiOS/Info.plist;
				INSTALL_PATH = "$(LOCAL_LIBRARY_DIR)/Frameworks";
				LD_RUNPATH_SEARCH_PATHS = "$(inherited) @executable_path/Frameworks @loader_path/Frameworks";
				PRODUCT_NAME = "$(TARGET_NAME)";
				SKIP_INSTALL = YES;
			};
			name = Release;
		};
		51E5A9011A7825BB00EEE3BC /* Debug */ = {
			isa = XCBuildConfiguration;
			buildSettings = {
				FRAMEWORK_SEARCH_PATHS = (
					"$(SDKROOT)/Developer/Library/Frameworks",
					"$(inherited)",
				);
				GCC_PREPROCESSOR_DEFINITIONS = (
					"DEBUG=1",
					"$(inherited)",
				);
				INFOPLIST_FILE = MojioSDKiOSTests/Info.plist;
				LD_RUNPATH_SEARCH_PATHS = "$(inherited) @executable_path/Frameworks @loader_path/Frameworks";
				PRODUCT_NAME = "$(TARGET_NAME)";
			};
			name = Debug;
		};
		51E5A9021A7825BB00EEE3BC /* Release */ = {
			isa = XCBuildConfiguration;
			buildSettings = {
				FRAMEWORK_SEARCH_PATHS = (
					"$(SDKROOT)/Developer/Library/Frameworks",
					"$(inherited)",
				);
				INFOPLIST_FILE = MojioSDKiOSTests/Info.plist;
				LD_RUNPATH_SEARCH_PATHS = "$(inherited) @executable_path/Frameworks @loader_path/Frameworks";
				PRODUCT_NAME = "$(TARGET_NAME)";
			};
			name = Release;
		};
		51E5A9821A78279200EEE3BC /* Debug */ = {
			isa = XCBuildConfiguration;
			baseConfigurationReference = C7EAEEC56F2AB063E28A0912 /* Pods-MojioSDK-TestApp.debug.xcconfig */;
			buildSettings = {
				ASSETCATALOG_COMPILER_APPICON_NAME = AppIcon;
				GCC_PREPROCESSOR_DEFINITIONS = (
					"DEBUG=1",
					"$(inherited)",
				);
				INFOPLIST_FILE = "MojioSDK-TestApp/Info.plist";
				LD_RUNPATH_SEARCH_PATHS = "$(inherited) @executable_path/Frameworks";
				PRODUCT_NAME = "$(TARGET_NAME)";
			};
			name = Debug;
		};
		51E5A9831A78279200EEE3BC /* Release */ = {
			isa = XCBuildConfiguration;
			baseConfigurationReference = D02ADFB11306EE760143103C /* Pods-MojioSDK-TestApp.release.xcconfig */;
			buildSettings = {
				ASSETCATALOG_COMPILER_APPICON_NAME = AppIcon;
				INFOPLIST_FILE = "MojioSDK-TestApp/Info.plist";
				LD_RUNPATH_SEARCH_PATHS = "$(inherited) @executable_path/Frameworks";
				PRODUCT_NAME = "$(TARGET_NAME)";
			};
			name = Release;
		};
		51E5A9841A78279200EEE3BC /* Debug */ = {
			isa = XCBuildConfiguration;
			buildSettings = {
				BUNDLE_LOADER = "$(TEST_HOST)";
				FRAMEWORK_SEARCH_PATHS = (
					"$(SDKROOT)/Developer/Library/Frameworks",
					"$(inherited)",
				);
				GCC_PREPROCESSOR_DEFINITIONS = (
					"DEBUG=1",
					"$(inherited)",
				);
				INFOPLIST_FILE = "MojioSDK-TestAppTests/Info.plist";
				LD_RUNPATH_SEARCH_PATHS = "$(inherited) @executable_path/Frameworks @loader_path/Frameworks";
				PRODUCT_NAME = "$(TARGET_NAME)";
				TEST_HOST = "$(BUILT_PRODUCTS_DIR)/MojioSDK-TestApp.app/MojioSDK-TestApp";
			};
			name = Debug;
		};
		51E5A9851A78279200EEE3BC /* Release */ = {
			isa = XCBuildConfiguration;
			buildSettings = {
				BUNDLE_LOADER = "$(TEST_HOST)";
				FRAMEWORK_SEARCH_PATHS = (
					"$(SDKROOT)/Developer/Library/Frameworks",
					"$(inherited)",
				);
				INFOPLIST_FILE = "MojioSDK-TestAppTests/Info.plist";
				LD_RUNPATH_SEARCH_PATHS = "$(inherited) @executable_path/Frameworks @loader_path/Frameworks";
				PRODUCT_NAME = "$(TARGET_NAME)";
				TEST_HOST = "$(BUILT_PRODUCTS_DIR)/MojioSDK-TestApp.app/MojioSDK-TestApp";
			};
			name = Release;
		};
/* End XCBuildConfiguration section */

/* Begin XCConfigurationList section */
		51E5A8E11A7825BB00EEE3BC /* Build configuration list for PBXProject "MojioSDKiOS" */ = {
			isa = XCConfigurationList;
			buildConfigurations = (
				51E5A8FB1A7825BB00EEE3BC /* Debug */,
				51E5A8FC1A7825BB00EEE3BC /* Release */,
			);
			defaultConfigurationIsVisible = 0;
			defaultConfigurationName = Release;
		};
		51E5A8FD1A7825BB00EEE3BC /* Build configuration list for PBXNativeTarget "MojioSDKiOS" */ = {
			isa = XCConfigurationList;
			buildConfigurations = (
				51E5A8FE1A7825BB00EEE3BC /* Debug */,
				51E5A8FF1A7825BB00EEE3BC /* Release */,
			);
			defaultConfigurationIsVisible = 0;
			defaultConfigurationName = Release;
		};
		51E5A9001A7825BB00EEE3BC /* Build configuration list for PBXNativeTarget "MojioSDKiOSTests" */ = {
			isa = XCConfigurationList;
			buildConfigurations = (
				51E5A9011A7825BB00EEE3BC /* Debug */,
				51E5A9021A7825BB00EEE3BC /* Release */,
			);
			defaultConfigurationIsVisible = 0;
			defaultConfigurationName = Release;
		};
		51E5A9861A78279200EEE3BC /* Build configuration list for PBXNativeTarget "MojioSDK-TestApp" */ = {
			isa = XCConfigurationList;
			buildConfigurations = (
				51E5A9821A78279200EEE3BC /* Debug */,
				51E5A9831A78279200EEE3BC /* Release */,
			);
			defaultConfigurationIsVisible = 0;
			defaultConfigurationName = Release;
		};
		51E5A9871A78279200EEE3BC /* Build configuration list for PBXNativeTarget "MojioSDK-TestAppTests" */ = {
			isa = XCConfigurationList;
			buildConfigurations = (
				51E5A9841A78279200EEE3BC /* Debug */,
				51E5A9851A78279200EEE3BC /* Release */,
			);
			defaultConfigurationIsVisible = 0;
			defaultConfigurationName = Release;
		};
/* End XCConfigurationList section */
	};
	rootObject = 51E5A8DE1A7825BB00EEE3BC /* Project object */;
}
